// !$*UTF8*$!
{
	archiveVersion = 1;
	classes = {
	};
	objectVersion = 51;
	objects = {

/* Begin PBXBuildFile section */
		7F0E5C8A23B7A68500F12492 /* FollowerViewController.swift in Sources */ = {isa = PBXBuildFile; fileRef = 7F0E5C8923B7A68500F12492 /* FollowerViewController.swift */; };
		7F0E5C8E23B7B95200F12492 /* Follow.swift in Sources */ = {isa = PBXBuildFile; fileRef = 7F0E5C8D23B7B95200F12492 /* Follow.swift */; };
		7F0E5C9023B7B98C00F12492 /* FollowTableViewCell.swift in Sources */ = {isa = PBXBuildFile; fileRef = 7F0E5C8F23B7B98C00F12492 /* FollowTableViewCell.swift */; };
		7F0E5C9223B80DB900F12492 /* Message.storyboard in Resources */ = {isa = PBXBuildFile; fileRef = 7F0E5C9123B80DB900F12492 /* Message.storyboard */; };
		7F0E5C9523B80E1300F12492 /* MessageProfileViewController.swift in Sources */ = {isa = PBXBuildFile; fileRef = 7F0E5C9423B80E1300F12492 /* MessageProfileViewController.swift */; };
		7F0E5C9723B80EB500F12492 /* MessageUser.swift in Sources */ = {isa = PBXBuildFile; fileRef = 7F0E5C9623B80EB500F12492 /* MessageUser.swift */; };
		7F0E5C9923B811CC00F12492 /* MessageProfileTableViewCell.swift in Sources */ = {isa = PBXBuildFile; fileRef = 7F0E5C9823B811CC00F12492 /* MessageProfileTableViewCell.swift */; };
		7F0E5C9B23B82ECF00F12492 /* MessageListViewController.swift in Sources */ = {isa = PBXBuildFile; fileRef = 7F0E5C9A23B82ECF00F12492 /* MessageListViewController.swift */; };
		7F0E5C9D23B82F2600F12492 /* MessageListTableViewCell.swift in Sources */ = {isa = PBXBuildFile; fileRef = 7F0E5C9C23B82F2600F12492 /* MessageListTableViewCell.swift */; };
		7F0E5C9F23B8A43600F12492 /* MessageList.swift in Sources */ = {isa = PBXBuildFile; fileRef = 7F0E5C9E23B8A43600F12492 /* MessageList.swift */; };
		7F0E5CA123B9001900F12492 /* MessageSendViewController.swift in Sources */ = {isa = PBXBuildFile; fileRef = 7F0E5CA023B9001900F12492 /* MessageSendViewController.swift */; };
		7F0E5CA323BA367F00F12492 /* WritingStoryViewController.swift in Sources */ = {isa = PBXBuildFile; fileRef = 7F0E5CA223BA367F00F12492 /* WritingStoryViewController.swift */; };
		7F0E5CA623BA734800F12492 /* StoryResponseString.swift in Sources */ = {isa = PBXBuildFile; fileRef = 7F0E5CA523BA734800F12492 /* StoryResponseString.swift */; };
		7F0E5CA823BA736000F12492 /* StoryListService.swift in Sources */ = {isa = PBXBuildFile; fileRef = 7F0E5CA723BA736000F12492 /* StoryListService.swift */; };
		7F37E0F823B33D6600C80F1A /* Login.storyboard in Resources */ = {isa = PBXBuildFile; fileRef = 7F37E0F723B33D6600C80F1A /* Login.storyboard */; };
		7F37E0FB23B33D8F00C80F1A /* LoginViewController.swift in Sources */ = {isa = PBXBuildFile; fileRef = 7F37E0FA23B33D8F00C80F1A /* LoginViewController.swift */; };
		7FE0B8E123BCE9EF008A52C7 /* SignupResponseString.swift in Sources */ = {isa = PBXBuildFile; fileRef = 7FE0B8E023BCE9EF008A52C7 /* SignupResponseString.swift */; };
		7FF374B423B5EBEB004E4907 /* TimelineListViewController.swift in Sources */ = {isa = PBXBuildFile; fileRef = 7FF374B323B5EBEB004E4907 /* TimelineListViewController.swift */; };
		7FF374B723B608F3004E4907 /* TimelineStory.swift in Sources */ = {isa = PBXBuildFile; fileRef = 7FF374B623B608F3004E4907 /* TimelineStory.swift */; };
		7FF374B923B60926004E4907 /* TimelineStoryTableViewCell.swift in Sources */ = {isa = PBXBuildFile; fileRef = 7FF374B823B60926004E4907 /* TimelineStoryTableViewCell.swift */; };
		7FF374BB23B69E47004E4907 /* ProfileTableViewCell.swift in Sources */ = {isa = PBXBuildFile; fileRef = 7FF374BA23B69E47004E4907 /* ProfileTableViewCell.swift */; };
		7FF374BD23B69EC5004E4907 /* ProfileStory.swift in Sources */ = {isa = PBXBuildFile; fileRef = 7FF374BC23B69EC5004E4907 /* ProfileStory.swift */; };
		B6077AD623BBA1D9006DF0E7 /* TimelineResponseString.swift in Sources */ = {isa = PBXBuildFile; fileRef = B6077AD523BBA1D9006DF0E7 /* TimelineResponseString.swift */; };
		B6077AD823BBA2AD006DF0E7 /* TimelineListService.swift in Sources */ = {isa = PBXBuildFile; fileRef = B6077AD723BBA2AD006DF0E7 /* TimelineListService.swift */; };
		B6077ADA23BCA235006DF0E7 /* CalenderResponseString.swift in Sources */ = {isa = PBXBuildFile; fileRef = B6077AD923BCA235006DF0E7 /* CalenderResponseString.swift */; };
		B6077ADD23BCA312006DF0E7 /* CalenderService.swift in Sources */ = {isa = PBXBuildFile; fileRef = B6077ADC23BCA312006DF0E7 /* CalenderService.swift */; };
		B628BCD123BF007500FDD87D /* LetterResponseString.swift in Sources */ = {isa = PBXBuildFile; fileRef = B628BCD023BF007500FDD87D /* LetterResponseString.swift */; };
		B628BCD323BF00E300FDD87D /* LetterService.swift in Sources */ = {isa = PBXBuildFile; fileRef = B628BCD223BF00E300FDD87D /* LetterService.swift */; };
		B63DBAC923B275FE00EEE1C2 /* StoryCell.swift in Sources */ = {isa = PBXBuildFile; fileRef = B63DBAC823B275FE00EEE1C2 /* StoryCell.swift */; };
		B63DBACE23B2779A00EEE1C2 /* Story.swift in Sources */ = {isa = PBXBuildFile; fileRef = B63DBACD23B2779A00EEE1C2 /* Story.swift */; };
		B66EBE1623B82305009ACA31 /* CommentViewController.swift in Sources */ = {isa = PBXBuildFile; fileRef = B66EBE1523B82305009ACA31 /* CommentViewController.swift */; };
		B66EBE1823B8A2AD009ACA31 /* DateTableViewCell.swift in Sources */ = {isa = PBXBuildFile; fileRef = B66EBE1723B8A2AD009ACA31 /* DateTableViewCell.swift */; };
		B66EBE1A23B8A478009ACA31 /* DateStruct.swift in Sources */ = {isa = PBXBuildFile; fileRef = B66EBE1923B8A478009ACA31 /* DateStruct.swift */; };
		B66EBE1C23B8E85E009ACA31 /* CommentCell.swift in Sources */ = {isa = PBXBuildFile; fileRef = B66EBE1B23B8E85E009ACA31 /* CommentCell.swift */; };
		B66EBE1E23B8E974009ACA31 /* Comment.swift in Sources */ = {isa = PBXBuildFile; fileRef = B66EBE1D23B8E974009ACA31 /* Comment.swift */; };
		B66EBE2023B90224009ACA31 /* CreateTimelineViewController.swift in Sources */ = {isa = PBXBuildFile; fileRef = B66EBE1F23B90224009ACA31 /* CreateTimelineViewController.swift */; };
		B66EBE2223B9C1F2009ACA31 /* SignupService.swift in Sources */ = {isa = PBXBuildFile; fileRef = B66EBE2123B9C1F2009ACA31 /* SignupService.swift */; };
		B66EBE2423B9C203009ACA31 /* LoginService.swift in Sources */ = {isa = PBXBuildFile; fileRef = B66EBE2323B9C203009ACA31 /* LoginService.swift */; };
		B66EBE2723B9C243009ACA31 /* ResponseString.swift in Sources */ = {isa = PBXBuildFile; fileRef = B66EBE2623B9C243009ACA31 /* ResponseString.swift */; };
		B66EBE2A23BA46EB009ACA31 /* jobResponseString.swift in Sources */ = {isa = PBXBuildFile; fileRef = B66EBE2923BA46EB009ACA31 /* jobResponseString.swift */; };
		B66EBE2C23BA47D7009ACA31 /* JobListService.swift in Sources */ = {isa = PBXBuildFile; fileRef = B66EBE2B23BA47D7009ACA31 /* JobListService.swift */; };
		B67B380123BF6E01005F2C3C /* Splash.storyboard in Resources */ = {isa = PBXBuildFile; fileRef = B67B380023BF6E01005F2C3C /* Splash.storyboard */; };
		B67B380423BF6E37005F2C3C /* SplashViewController.swift in Sources */ = {isa = PBXBuildFile; fileRef = B67B380323BF6E37005F2C3C /* SplashViewController.swift */; };
		B67CBF9623B1740B001C78B2 /* APIConstants.swift in Sources */ = {isa = PBXBuildFile; fileRef = B67CBF9523B1740B001C78B2 /* APIConstants.swift */; };
		B68CF7DE23BE8D5E00D7DE0E /* UILabel+Extensions.swift in Sources */ = {isa = PBXBuildFile; fileRef = B68CF7DD23BE8D5E00D7DE0E /* UILabel+Extensions.swift */; };
		B68CF7E023BE8F8D00D7DE0E /* StoryDetailResponseString.swift in Sources */ = {isa = PBXBuildFile; fileRef = B68CF7DF23BE8F8D00D7DE0E /* StoryDetailResponseString.swift */; };
		B68CF7E223BE9A2C00D7DE0E /* CommentResponseString.swift in Sources */ = {isa = PBXBuildFile; fileRef = B68CF7E123BE9A2C00D7DE0E /* CommentResponseString.swift */; };
		B68CF7E423BE9CFC00D7DE0E /* CommentService.swift in Sources */ = {isa = PBXBuildFile; fileRef = B68CF7E323BE9CFC00D7DE0E /* CommentService.swift */; };
		B68CF7E623BEABDB00D7DE0E /* FollowResponseString.swift in Sources */ = {isa = PBXBuildFile; fileRef = B68CF7E523BEABDB00D7DE0E /* FollowResponseString.swift */; };
		B68CF7E823BEACA400D7DE0E /* FollowService.swift in Sources */ = {isa = PBXBuildFile; fileRef = B68CF7E723BEACA400D7DE0E /* FollowService.swift */; };
		B68CF7EA23BEB24F00D7DE0E /* TimelineStoryResponseString.swift in Sources */ = {isa = PBXBuildFile; fileRef = B68CF7E923BEB24F00D7DE0E /* TimelineStoryResponseString.swift */; };
		B69D184423BDD65000E03A92 /* OnBoarding.storyboard in Resources */ = {isa = PBXBuildFile; fileRef = B69D184323BDD65000E03A92 /* OnBoarding.storyboard */; };
		B69D184723BDD69F00E03A92 /* OnBoardingViewController.swift in Sources */ = {isa = PBXBuildFile; fileRef = B69D184623BDD69F00E03A92 /* OnBoardingViewController.swift */; };
		B6AAF85823B668C3009571DE /* UIButton+Extensions.swift in Sources */ = {isa = PBXBuildFile; fileRef = B6AAF85723B668C3009571DE /* UIButton+Extensions.swift */; };
		B6AAF85C23B670D2009571DE /* SettingProfileViewController.swift in Sources */ = {isa = PBXBuildFile; fileRef = B6AAF85B23B670D2009571DE /* SettingProfileViewController.swift */; };
		B6AAF85E23B69CE4009571DE /* ProfileBannerCell.swift in Sources */ = {isa = PBXBuildFile; fileRef = B6AAF85D23B69CE4009571DE /* ProfileBannerCell.swift */; };
		B6AAF86023B69DA3009571DE /* Profile.swift in Sources */ = {isa = PBXBuildFile; fileRef = B6AAF85F23B69DA3009571DE /* Profile.swift */; };
		B6AAF86223B69FB2009571DE /* ProfileBanner.swift in Sources */ = {isa = PBXBuildFile; fileRef = B6AAF86123B69FB2009571DE /* ProfileBanner.swift */; };
		B6AAF86423B6A927009571DE /* UIView+Extensions.swift in Sources */ = {isa = PBXBuildFile; fileRef = B6AAF86323B6A927009571DE /* UIView+Extensions.swift */; };
		B6ABCEE523BED0FB002F3056 /* OnBoardingBanner.swift in Sources */ = {isa = PBXBuildFile; fileRef = B6ABCEE423BED0FB002F3056 /* OnBoardingBanner.swift */; };
		B6ABCEE723BED4FB002F3056 /* OnBoardingBannerCell.swift in Sources */ = {isa = PBXBuildFile; fileRef = B6ABCEE623BED4FB002F3056 /* OnBoardingBannerCell.swift */; };
		B6ABCEE923BEF8A7002F3056 /* SortSelectViewController.swift in Sources */ = {isa = PBXBuildFile; fileRef = B6ABCEE823BEF8A7002F3056 /* SortSelectViewController.swift */; };
		B6C0540623B5606500D455E1 /* Signin.storyboard in Resources */ = {isa = PBXBuildFile; fileRef = B6C0540523B5606500D455E1 /* Signin.storyboard */; };
		B6C0540923B560D900D455E1 /* SigninViewController.swift in Sources */ = {isa = PBXBuildFile; fileRef = B6C0540823B560D900D455E1 /* SigninViewController.swift */; };
		B6D1F99423B295F300C8BA31 /* AnnouncementCell.swift in Sources */ = {isa = PBXBuildFile; fileRef = B6D1F99323B295F300C8BA31 /* AnnouncementCell.swift */; };
		B6D1F99623B297DB00C8BA31 /* Announcement.swift in Sources */ = {isa = PBXBuildFile; fileRef = B6D1F99523B297DB00C8BA31 /* Announcement.swift */; };
		B6D1F99A23B341BD00C8BA31 /* StoryDetailViewController.swift in Sources */ = {isa = PBXBuildFile; fileRef = B6D1F99923B341BD00C8BA31 /* StoryDetailViewController.swift */; };
		B6D1F99C23B355B100C8BA31 /* StoryTabViewController.swift in Sources */ = {isa = PBXBuildFile; fileRef = B6D1F99B23B355B100C8BA31 /* StoryTabViewController.swift */; };
		B6D1F99E23B3E5F100C8BA31 /* BannerCell.swift in Sources */ = {isa = PBXBuildFile; fileRef = B6D1F99D23B3E5F100C8BA31 /* BannerCell.swift */; };
		B6D1F9A023B3E78D00C8BA31 /* Banner.swift in Sources */ = {isa = PBXBuildFile; fileRef = B6D1F99F23B3E78D00C8BA31 /* Banner.swift */; };
		B6D9C95223B1169100348A7B /* AppDelegate.swift in Sources */ = {isa = PBXBuildFile; fileRef = B6D9C95123B1169100348A7B /* AppDelegate.swift */; };
		B6D9C95423B1169100348A7B /* SceneDelegate.swift in Sources */ = {isa = PBXBuildFile; fileRef = B6D9C95323B1169100348A7B /* SceneDelegate.swift */; };
		B6D9C95923B1169100348A7B /* Main.storyboard in Resources */ = {isa = PBXBuildFile; fileRef = B6D9C95723B1169100348A7B /* Main.storyboard */; };
		B6D9C95B23B1169200348A7B /* Assets.xcassets in Resources */ = {isa = PBXBuildFile; fileRef = B6D9C95A23B1169200348A7B /* Assets.xcassets */; };
		B6D9C95E23B1169200348A7B /* LaunchScreen.storyboard in Resources */ = {isa = PBXBuildFile; fileRef = B6D9C95C23B1169200348A7B /* LaunchScreen.storyboard */; };
		B6D9C96A23B1229B00348A7B /* Story.storyboard in Resources */ = {isa = PBXBuildFile; fileRef = B6D9C96923B1229B00348A7B /* Story.storyboard */; };
		B6D9C96C23B122B500348A7B /* Profile.storyboard in Resources */ = {isa = PBXBuildFile; fileRef = B6D9C96B23B122B400348A7B /* Profile.storyboard */; };
		B6D9C97023B122F400348A7B /* Announcement.storyboard in Resources */ = {isa = PBXBuildFile; fileRef = B6D9C96F23B122F400348A7B /* Announcement.storyboard */; };
		B6D9C97223B124F100348A7B /* Home.storyboard in Resources */ = {isa = PBXBuildFile; fileRef = B6D9C97123B124F100348A7B /* Home.storyboard */; };
		B6D9C97423B12D7A00348A7B /* HomeViewController.swift in Sources */ = {isa = PBXBuildFile; fileRef = B6D9C97323B12D7A00348A7B /* HomeViewController.swift */; };
		B6D9C97623B12ED400348A7B /* AnnouncementViewController.swift in Sources */ = {isa = PBXBuildFile; fileRef = B6D9C97523B12ED400348A7B /* AnnouncementViewController.swift */; };
		B6D9C97823B12F2400348A7B /* ProfileViewController.swift in Sources */ = {isa = PBXBuildFile; fileRef = B6D9C97723B12F2400348A7B /* ProfileViewController.swift */; };
		B6D9C97A23B12F7200348A7B /* StoryViewController.swift in Sources */ = {isa = PBXBuildFile; fileRef = B6D9C97923B12F7200348A7B /* StoryViewController.swift */; };
		B6D9C97E23B1347600348A7B /* TabbarViewController.swift in Sources */ = {isa = PBXBuildFile; fileRef = B6D9C97D23B1347600348A7B /* TabbarViewController.swift */; };
		B6D9C98123B13D7400348A7B /* UIColor+Extensions.swift in Sources */ = {isa = PBXBuildFile; fileRef = B6D9C98023B13D7400348A7B /* UIColor+Extensions.swift */; };
		B6D9C98423B13E0600348A7B /* NetworkResult.swift in Sources */ = {isa = PBXBuildFile; fileRef = B6D9C98323B13E0600348A7B /* NetworkResult.swift */; };
		B6D9C98823B1575500348A7B /* CalendarViewController.swift in Sources */ = {isa = PBXBuildFile; fileRef = B6D9C98723B1575500348A7B /* CalendarViewController.swift */; };
		B6DFC56C23B607A9002EE94A /* Signin2ViewController.swift in Sources */ = {isa = PBXBuildFile; fileRef = B6DFC56B23B607A9002EE94A /* Signin2ViewController.swift */; };
		B6DFC56E23B650B0002EE94A /* FirstLogin.storyboard in Resources */ = {isa = PBXBuildFile; fileRef = B6DFC56D23B650B0002EE94A /* FirstLogin.storyboard */; };
		B6DFC57123B65135002EE94A /* SettingFavorViewController.swift in Sources */ = {isa = PBXBuildFile; fileRef = B6DFC57023B65135002EE94A /* SettingFavorViewController.swift */; };
		C3D769A1ED19F5BB94283452 /* Pods_INTERNZ.framework in Frameworks */ = {isa = PBXBuildFile; fileRef = A16EF8E341DAE52684405B6A /* Pods_INTERNZ.framework */; };
/* End PBXBuildFile section */

/* Begin PBXFileReference section */
		4DBB74BF62F1CEEB716663DF /* Pods-INTERNZ.debug.xcconfig */ = {isa = PBXFileReference; includeInIndex = 1; lastKnownFileType = text.xcconfig; name = "Pods-INTERNZ.debug.xcconfig"; path = "Target Support Files/Pods-INTERNZ/Pods-INTERNZ.debug.xcconfig"; sourceTree = "<group>"; };
		781EC13AE66EF4087EF04F10 /* Pods-INTERNZ.release.xcconfig */ = {isa = PBXFileReference; includeInIndex = 1; lastKnownFileType = text.xcconfig; name = "Pods-INTERNZ.release.xcconfig"; path = "Target Support Files/Pods-INTERNZ/Pods-INTERNZ.release.xcconfig"; sourceTree = "<group>"; };
		7F0E5C8923B7A68500F12492 /* FollowerViewController.swift */ = {isa = PBXFileReference; lastKnownFileType = sourcecode.swift; path = FollowerViewController.swift; sourceTree = "<group>"; };
		7F0E5C8D23B7B95200F12492 /* Follow.swift */ = {isa = PBXFileReference; lastKnownFileType = sourcecode.swift; path = Follow.swift; sourceTree = "<group>"; };
		7F0E5C8F23B7B98C00F12492 /* FollowTableViewCell.swift */ = {isa = PBXFileReference; lastKnownFileType = sourcecode.swift; path = FollowTableViewCell.swift; sourceTree = "<group>"; };
		7F0E5C9123B80DB900F12492 /* Message.storyboard */ = {isa = PBXFileReference; lastKnownFileType = file.storyboard; path = Message.storyboard; sourceTree = "<group>"; };
		7F0E5C9423B80E1300F12492 /* MessageProfileViewController.swift */ = {isa = PBXFileReference; lastKnownFileType = sourcecode.swift; path = MessageProfileViewController.swift; sourceTree = "<group>"; };
		7F0E5C9623B80EB500F12492 /* MessageUser.swift */ = {isa = PBXFileReference; lastKnownFileType = sourcecode.swift; path = MessageUser.swift; sourceTree = "<group>"; };
		7F0E5C9823B811CC00F12492 /* MessageProfileTableViewCell.swift */ = {isa = PBXFileReference; lastKnownFileType = sourcecode.swift; path = MessageProfileTableViewCell.swift; sourceTree = "<group>"; };
		7F0E5C9A23B82ECF00F12492 /* MessageListViewController.swift */ = {isa = PBXFileReference; lastKnownFileType = sourcecode.swift; path = MessageListViewController.swift; sourceTree = "<group>"; };
		7F0E5C9C23B82F2600F12492 /* MessageListTableViewCell.swift */ = {isa = PBXFileReference; lastKnownFileType = sourcecode.swift; path = MessageListTableViewCell.swift; sourceTree = "<group>"; };
		7F0E5C9E23B8A43600F12492 /* MessageList.swift */ = {isa = PBXFileReference; lastKnownFileType = sourcecode.swift; path = MessageList.swift; sourceTree = "<group>"; };
		7F0E5CA023B9001900F12492 /* MessageSendViewController.swift */ = {isa = PBXFileReference; lastKnownFileType = sourcecode.swift; path = MessageSendViewController.swift; sourceTree = "<group>"; };
		7F0E5CA223BA367F00F12492 /* WritingStoryViewController.swift */ = {isa = PBXFileReference; lastKnownFileType = sourcecode.swift; path = WritingStoryViewController.swift; sourceTree = "<group>"; };
		7F0E5CA523BA734800F12492 /* StoryResponseString.swift */ = {isa = PBXFileReference; lastKnownFileType = sourcecode.swift; path = StoryResponseString.swift; sourceTree = "<group>"; };
		7F0E5CA723BA736000F12492 /* StoryListService.swift */ = {isa = PBXFileReference; lastKnownFileType = sourcecode.swift; path = StoryListService.swift; sourceTree = "<group>"; };
		7F37E0F723B33D6600C80F1A /* Login.storyboard */ = {isa = PBXFileReference; lastKnownFileType = file.storyboard; path = Login.storyboard; sourceTree = "<group>"; };
		7F37E0FA23B33D8F00C80F1A /* LoginViewController.swift */ = {isa = PBXFileReference; lastKnownFileType = sourcecode.swift; path = LoginViewController.swift; sourceTree = "<group>"; };
		7FE0B8E023BCE9EF008A52C7 /* SignupResponseString.swift */ = {isa = PBXFileReference; lastKnownFileType = sourcecode.swift; path = SignupResponseString.swift; sourceTree = "<group>"; };
		7FF374B323B5EBEB004E4907 /* TimelineListViewController.swift */ = {isa = PBXFileReference; lastKnownFileType = sourcecode.swift; path = TimelineListViewController.swift; sourceTree = "<group>"; };
		7FF374B623B608F3004E4907 /* TimelineStory.swift */ = {isa = PBXFileReference; lastKnownFileType = sourcecode.swift; path = TimelineStory.swift; sourceTree = "<group>"; };
		7FF374B823B60926004E4907 /* TimelineStoryTableViewCell.swift */ = {isa = PBXFileReference; lastKnownFileType = sourcecode.swift; path = TimelineStoryTableViewCell.swift; sourceTree = "<group>"; };
		7FF374BA23B69E47004E4907 /* ProfileTableViewCell.swift */ = {isa = PBXFileReference; lastKnownFileType = sourcecode.swift; path = ProfileTableViewCell.swift; sourceTree = "<group>"; };
		7FF374BC23B69EC5004E4907 /* ProfileStory.swift */ = {isa = PBXFileReference; lastKnownFileType = sourcecode.swift; path = ProfileStory.swift; sourceTree = "<group>"; };
		A16EF8E341DAE52684405B6A /* Pods_INTERNZ.framework */ = {isa = PBXFileReference; explicitFileType = wrapper.framework; includeInIndex = 0; path = Pods_INTERNZ.framework; sourceTree = BUILT_PRODUCTS_DIR; };
		B6077AD523BBA1D9006DF0E7 /* TimelineResponseString.swift */ = {isa = PBXFileReference; lastKnownFileType = sourcecode.swift; path = TimelineResponseString.swift; sourceTree = "<group>"; };
		B6077AD723BBA2AD006DF0E7 /* TimelineListService.swift */ = {isa = PBXFileReference; lastKnownFileType = sourcecode.swift; path = TimelineListService.swift; sourceTree = "<group>"; };
		B6077AD923BCA235006DF0E7 /* CalenderResponseString.swift */ = {isa = PBXFileReference; lastKnownFileType = sourcecode.swift; path = CalenderResponseString.swift; sourceTree = "<group>"; };
		B6077ADC23BCA312006DF0E7 /* CalenderService.swift */ = {isa = PBXFileReference; lastKnownFileType = sourcecode.swift; path = CalenderService.swift; sourceTree = "<group>"; };
		B628BCD023BF007500FDD87D /* LetterResponseString.swift */ = {isa = PBXFileReference; lastKnownFileType = sourcecode.swift; path = LetterResponseString.swift; sourceTree = "<group>"; };
		B628BCD223BF00E300FDD87D /* LetterService.swift */ = {isa = PBXFileReference; lastKnownFileType = sourcecode.swift; path = LetterService.swift; sourceTree = "<group>"; };
		B63DBAC823B275FE00EEE1C2 /* StoryCell.swift */ = {isa = PBXFileReference; lastKnownFileType = sourcecode.swift; path = StoryCell.swift; sourceTree = "<group>"; };
		B63DBACD23B2779A00EEE1C2 /* Story.swift */ = {isa = PBXFileReference; lastKnownFileType = sourcecode.swift; path = Story.swift; sourceTree = "<group>"; };
		B66EBE1523B82305009ACA31 /* CommentViewController.swift */ = {isa = PBXFileReference; lastKnownFileType = sourcecode.swift; path = CommentViewController.swift; sourceTree = "<group>"; };
		B66EBE1723B8A2AD009ACA31 /* DateTableViewCell.swift */ = {isa = PBXFileReference; lastKnownFileType = sourcecode.swift; path = DateTableViewCell.swift; sourceTree = "<group>"; };
		B66EBE1923B8A478009ACA31 /* DateStruct.swift */ = {isa = PBXFileReference; lastKnownFileType = sourcecode.swift; path = DateStruct.swift; sourceTree = "<group>"; };
		B66EBE1B23B8E85E009ACA31 /* CommentCell.swift */ = {isa = PBXFileReference; lastKnownFileType = sourcecode.swift; path = CommentCell.swift; sourceTree = "<group>"; };
		B66EBE1D23B8E974009ACA31 /* Comment.swift */ = {isa = PBXFileReference; lastKnownFileType = sourcecode.swift; path = Comment.swift; sourceTree = "<group>"; };
		B66EBE1F23B90224009ACA31 /* CreateTimelineViewController.swift */ = {isa = PBXFileReference; lastKnownFileType = sourcecode.swift; path = CreateTimelineViewController.swift; sourceTree = "<group>"; };
		B66EBE2123B9C1F2009ACA31 /* SignupService.swift */ = {isa = PBXFileReference; lastKnownFileType = sourcecode.swift; path = SignupService.swift; sourceTree = "<group>"; };
		B66EBE2323B9C203009ACA31 /* LoginService.swift */ = {isa = PBXFileReference; lastKnownFileType = sourcecode.swift; path = LoginService.swift; sourceTree = "<group>"; };
		B66EBE2623B9C243009ACA31 /* ResponseString.swift */ = {isa = PBXFileReference; lastKnownFileType = sourcecode.swift; path = ResponseString.swift; sourceTree = "<group>"; };
		B66EBE2923BA46EB009ACA31 /* jobResponseString.swift */ = {isa = PBXFileReference; lastKnownFileType = sourcecode.swift; path = jobResponseString.swift; sourceTree = "<group>"; };
		B66EBE2B23BA47D7009ACA31 /* JobListService.swift */ = {isa = PBXFileReference; lastKnownFileType = sourcecode.swift; path = JobListService.swift; sourceTree = "<group>"; };
		B67B380023BF6E01005F2C3C /* Splash.storyboard */ = {isa = PBXFileReference; lastKnownFileType = file.storyboard; path = Splash.storyboard; sourceTree = "<group>"; };
		B67B380323BF6E37005F2C3C /* SplashViewController.swift */ = {isa = PBXFileReference; lastKnownFileType = sourcecode.swift; path = SplashViewController.swift; sourceTree = "<group>"; };
		B67CBF9523B1740B001C78B2 /* APIConstants.swift */ = {isa = PBXFileReference; lastKnownFileType = sourcecode.swift; path = APIConstants.swift; sourceTree = "<group>"; };
		B68CF7DD23BE8D5E00D7DE0E /* UILabel+Extensions.swift */ = {isa = PBXFileReference; lastKnownFileType = sourcecode.swift; path = "UILabel+Extensions.swift"; sourceTree = "<group>"; };
		B68CF7DF23BE8F8D00D7DE0E /* StoryDetailResponseString.swift */ = {isa = PBXFileReference; lastKnownFileType = sourcecode.swift; path = StoryDetailResponseString.swift; sourceTree = "<group>"; };
		B68CF7E123BE9A2C00D7DE0E /* CommentResponseString.swift */ = {isa = PBXFileReference; lastKnownFileType = sourcecode.swift; path = CommentResponseString.swift; sourceTree = "<group>"; };
		B68CF7E323BE9CFC00D7DE0E /* CommentService.swift */ = {isa = PBXFileReference; lastKnownFileType = sourcecode.swift; path = CommentService.swift; sourceTree = "<group>"; };
		B68CF7E523BEABDB00D7DE0E /* FollowResponseString.swift */ = {isa = PBXFileReference; lastKnownFileType = sourcecode.swift; path = FollowResponseString.swift; sourceTree = "<group>"; };
		B68CF7E723BEACA400D7DE0E /* FollowService.swift */ = {isa = PBXFileReference; lastKnownFileType = sourcecode.swift; path = FollowService.swift; sourceTree = "<group>"; };
		B68CF7E923BEB24F00D7DE0E /* TimelineStoryResponseString.swift */ = {isa = PBXFileReference; lastKnownFileType = sourcecode.swift; path = TimelineStoryResponseString.swift; sourceTree = "<group>"; };
		B69D184323BDD65000E03A92 /* OnBoarding.storyboard */ = {isa = PBXFileReference; lastKnownFileType = file.storyboard; path = OnBoarding.storyboard; sourceTree = "<group>"; };
		B69D184623BDD69F00E03A92 /* OnBoardingViewController.swift */ = {isa = PBXFileReference; lastKnownFileType = sourcecode.swift; path = OnBoardingViewController.swift; sourceTree = "<group>"; };
		B6AAF85723B668C3009571DE /* UIButton+Extensions.swift */ = {isa = PBXFileReference; lastKnownFileType = sourcecode.swift; path = "UIButton+Extensions.swift"; sourceTree = "<group>"; };
		B6AAF85B23B670D2009571DE /* SettingProfileViewController.swift */ = {isa = PBXFileReference; lastKnownFileType = sourcecode.swift; path = SettingProfileViewController.swift; sourceTree = "<group>"; };
		B6AAF85D23B69CE4009571DE /* ProfileBannerCell.swift */ = {isa = PBXFileReference; lastKnownFileType = sourcecode.swift; path = ProfileBannerCell.swift; sourceTree = "<group>"; };
		B6AAF85F23B69DA3009571DE /* Profile.swift */ = {isa = PBXFileReference; lastKnownFileType = sourcecode.swift; path = Profile.swift; sourceTree = "<group>"; };
		B6AAF86123B69FB2009571DE /* ProfileBanner.swift */ = {isa = PBXFileReference; lastKnownFileType = sourcecode.swift; path = ProfileBanner.swift; sourceTree = "<group>"; };
		B6AAF86323B6A927009571DE /* UIView+Extensions.swift */ = {isa = PBXFileReference; lastKnownFileType = sourcecode.swift; path = "UIView+Extensions.swift"; sourceTree = "<group>"; };
		B6ABCEE423BED0FB002F3056 /* OnBoardingBanner.swift */ = {isa = PBXFileReference; lastKnownFileType = sourcecode.swift; path = OnBoardingBanner.swift; sourceTree = "<group>"; };
		B6ABCEE623BED4FB002F3056 /* OnBoardingBannerCell.swift */ = {isa = PBXFileReference; lastKnownFileType = sourcecode.swift; path = OnBoardingBannerCell.swift; sourceTree = "<group>"; };
		B6ABCEE823BEF8A7002F3056 /* SortSelectViewController.swift */ = {isa = PBXFileReference; lastKnownFileType = sourcecode.swift; path = SortSelectViewController.swift; sourceTree = "<group>"; };
		B6C0540523B5606500D455E1 /* Signin.storyboard */ = {isa = PBXFileReference; lastKnownFileType = file.storyboard; path = Signin.storyboard; sourceTree = "<group>"; };
		B6C0540823B560D900D455E1 /* SigninViewController.swift */ = {isa = PBXFileReference; lastKnownFileType = sourcecode.swift; path = SigninViewController.swift; sourceTree = "<group>"; };
		B6D1F99323B295F300C8BA31 /* AnnouncementCell.swift */ = {isa = PBXFileReference; lastKnownFileType = sourcecode.swift; path = AnnouncementCell.swift; sourceTree = "<group>"; };
		B6D1F99523B297DB00C8BA31 /* Announcement.swift */ = {isa = PBXFileReference; lastKnownFileType = sourcecode.swift; path = Announcement.swift; sourceTree = "<group>"; };
		B6D1F99923B341BD00C8BA31 /* StoryDetailViewController.swift */ = {isa = PBXFileReference; lastKnownFileType = sourcecode.swift; path = StoryDetailViewController.swift; sourceTree = "<group>"; };
		B6D1F99B23B355B100C8BA31 /* StoryTabViewController.swift */ = {isa = PBXFileReference; lastKnownFileType = sourcecode.swift; path = StoryTabViewController.swift; sourceTree = "<group>"; };
		B6D1F99D23B3E5F100C8BA31 /* BannerCell.swift */ = {isa = PBXFileReference; lastKnownFileType = sourcecode.swift; path = BannerCell.swift; sourceTree = "<group>"; };
		B6D1F99F23B3E78D00C8BA31 /* Banner.swift */ = {isa = PBXFileReference; lastKnownFileType = sourcecode.swift; path = Banner.swift; sourceTree = "<group>"; };
		B6D9C94E23B1169100348A7B /* INTERNZ.app */ = {isa = PBXFileReference; explicitFileType = wrapper.application; includeInIndex = 0; path = INTERNZ.app; sourceTree = BUILT_PRODUCTS_DIR; };
		B6D9C95123B1169100348A7B /* AppDelegate.swift */ = {isa = PBXFileReference; lastKnownFileType = sourcecode.swift; path = AppDelegate.swift; sourceTree = "<group>"; };
		B6D9C95323B1169100348A7B /* SceneDelegate.swift */ = {isa = PBXFileReference; lastKnownFileType = sourcecode.swift; path = SceneDelegate.swift; sourceTree = "<group>"; };
		B6D9C95823B1169100348A7B /* Base */ = {isa = PBXFileReference; lastKnownFileType = file.storyboard; name = Base; path = Base.lproj/Main.storyboard; sourceTree = "<group>"; };
		B6D9C95A23B1169200348A7B /* Assets.xcassets */ = {isa = PBXFileReference; lastKnownFileType = folder.assetcatalog; path = Assets.xcassets; sourceTree = "<group>"; };
		B6D9C95D23B1169200348A7B /* Base */ = {isa = PBXFileReference; lastKnownFileType = file.storyboard; name = Base; path = Base.lproj/LaunchScreen.storyboard; sourceTree = "<group>"; };
		B6D9C95F23B1169200348A7B /* Info.plist */ = {isa = PBXFileReference; lastKnownFileType = text.plist.xml; path = Info.plist; sourceTree = "<group>"; };
		B6D9C96923B1229B00348A7B /* Story.storyboard */ = {isa = PBXFileReference; lastKnownFileType = file.storyboard; path = Story.storyboard; sourceTree = "<group>"; };
		B6D9C96B23B122B400348A7B /* Profile.storyboard */ = {isa = PBXFileReference; lastKnownFileType = file.storyboard; path = Profile.storyboard; sourceTree = "<group>"; };
		B6D9C96F23B122F400348A7B /* Announcement.storyboard */ = {isa = PBXFileReference; lastKnownFileType = file.storyboard; path = Announcement.storyboard; sourceTree = "<group>"; };
		B6D9C97123B124F100348A7B /* Home.storyboard */ = {isa = PBXFileReference; lastKnownFileType = file.storyboard; path = Home.storyboard; sourceTree = "<group>"; };
		B6D9C97323B12D7A00348A7B /* HomeViewController.swift */ = {isa = PBXFileReference; lastKnownFileType = sourcecode.swift; path = HomeViewController.swift; sourceTree = "<group>"; };
		B6D9C97523B12ED400348A7B /* AnnouncementViewController.swift */ = {isa = PBXFileReference; lastKnownFileType = sourcecode.swift; path = AnnouncementViewController.swift; sourceTree = "<group>"; };
		B6D9C97723B12F2400348A7B /* ProfileViewController.swift */ = {isa = PBXFileReference; lastKnownFileType = sourcecode.swift; path = ProfileViewController.swift; sourceTree = "<group>"; };
		B6D9C97923B12F7200348A7B /* StoryViewController.swift */ = {isa = PBXFileReference; lastKnownFileType = sourcecode.swift; path = StoryViewController.swift; sourceTree = "<group>"; };
		B6D9C97D23B1347600348A7B /* TabbarViewController.swift */ = {isa = PBXFileReference; lastKnownFileType = sourcecode.swift; path = TabbarViewController.swift; sourceTree = "<group>"; };
		B6D9C98023B13D7400348A7B /* UIColor+Extensions.swift */ = {isa = PBXFileReference; lastKnownFileType = sourcecode.swift; path = "UIColor+Extensions.swift"; sourceTree = "<group>"; };
		B6D9C98323B13E0600348A7B /* NetworkResult.swift */ = {isa = PBXFileReference; lastKnownFileType = sourcecode.swift; path = NetworkResult.swift; sourceTree = "<group>"; };
		B6D9C98723B1575500348A7B /* CalendarViewController.swift */ = {isa = PBXFileReference; lastKnownFileType = sourcecode.swift; path = CalendarViewController.swift; sourceTree = "<group>"; };
		B6DFC56B23B607A9002EE94A /* Signin2ViewController.swift */ = {isa = PBXFileReference; lastKnownFileType = sourcecode.swift; path = Signin2ViewController.swift; sourceTree = "<group>"; };
		B6DFC56D23B650B0002EE94A /* FirstLogin.storyboard */ = {isa = PBXFileReference; lastKnownFileType = file.storyboard; path = FirstLogin.storyboard; sourceTree = "<group>"; };
		B6DFC57023B65135002EE94A /* SettingFavorViewController.swift */ = {isa = PBXFileReference; lastKnownFileType = sourcecode.swift; path = SettingFavorViewController.swift; sourceTree = "<group>"; };
/* End PBXFileReference section */

/* Begin PBXFrameworksBuildPhase section */
		B6D9C94B23B1169100348A7B /* Frameworks */ = {
			isa = PBXFrameworksBuildPhase;
			buildActionMask = 2147483647;
			files = (
				C3D769A1ED19F5BB94283452 /* Pods_INTERNZ.framework in Frameworks */,
			);
			runOnlyForDeploymentPostprocessing = 0;
		};
/* End PBXFrameworksBuildPhase section */

/* Begin PBXGroup section */
		7F0E5C9323B80DD800F12492 /* Message */ = {
			isa = PBXGroup;
			children = (
				7F0E5C9423B80E1300F12492 /* MessageProfileViewController.swift */,
				7F0E5C9823B811CC00F12492 /* MessageProfileTableViewCell.swift */,
				7F0E5C9A23B82ECF00F12492 /* MessageListViewController.swift */,
				7F0E5C9C23B82F2600F12492 /* MessageListTableViewCell.swift */,
				7F0E5CA023B9001900F12492 /* MessageSendViewController.swift */,
			);
			path = Message;
			sourceTree = "<group>";
		};
		7F37E0F923B33D7D00C80F1A /* Login */ = {
			isa = PBXGroup;
			children = (
				7F37E0FA23B33D8F00C80F1A /* LoginViewController.swift */,
			);
			path = Login;
			sourceTree = "<group>";
		};
		B63DBACA23B2775C00EEE1C2 /* Models */ = {
			isa = PBXGroup;
			children = (
				B63DBACD23B2779A00EEE1C2 /* Story.swift */,
				B6D1F99523B297DB00C8BA31 /* Announcement.swift */,
				7FF374B623B608F3004E4907 /* TimelineStory.swift */,
				B6AAF85F23B69DA3009571DE /* Profile.swift */,
				7FF374BC23B69EC5004E4907 /* ProfileStory.swift */,
				7F0E5C8D23B7B95200F12492 /* Follow.swift */,
				7F0E5C9623B80EB500F12492 /* MessageUser.swift */,
				B66EBE1923B8A478009ACA31 /* DateStruct.swift */,
				7F0E5C9E23B8A43600F12492 /* MessageList.swift */,
				B66EBE1D23B8E974009ACA31 /* Comment.swift */,
			);
			path = Models;
			sourceTree = "<group>";
		};
		B66EBE2523B9C22F009ACA31 /* Responses */ = {
			isa = PBXGroup;
			children = (
				B66EBE2623B9C243009ACA31 /* ResponseString.swift */,
				B66EBE2923BA46EB009ACA31 /* jobResponseString.swift */,
				7F0E5CA523BA734800F12492 /* StoryResponseString.swift */,
				B6077AD523BBA1D9006DF0E7 /* TimelineResponseString.swift */,
				B6077AD923BCA235006DF0E7 /* CalenderResponseString.swift */,
				7FE0B8E023BCE9EF008A52C7 /* SignupResponseString.swift */,
				B68CF7DF23BE8F8D00D7DE0E /* StoryDetailResponseString.swift */,
				B68CF7E123BE9A2C00D7DE0E /* CommentResponseString.swift */,
				B68CF7E523BEABDB00D7DE0E /* FollowResponseString.swift */,
				B68CF7E923BEB24F00D7DE0E /* TimelineStoryResponseString.swift */,
				B628BCD023BF007500FDD87D /* LetterResponseString.swift */,
			);
			path = Responses;
			sourceTree = "<group>";
		};
		B66EBE2823B9C24A009ACA31 /* Services */ = {
			isa = PBXGroup;
			children = (
				B6D9C98323B13E0600348A7B /* NetworkResult.swift */,
				B67CBF9523B1740B001C78B2 /* APIConstants.swift */,
				B66EBE2123B9C1F2009ACA31 /* SignupService.swift */,
				B66EBE2323B9C203009ACA31 /* LoginService.swift */,
				B66EBE2B23BA47D7009ACA31 /* JobListService.swift */,
				7F0E5CA723BA736000F12492 /* StoryListService.swift */,
				B6077AD723BBA2AD006DF0E7 /* TimelineListService.swift */,
				B6077ADC23BCA312006DF0E7 /* CalenderService.swift */,
				B68CF7E323BE9CFC00D7DE0E /* CommentService.swift */,
				B68CF7E723BEACA400D7DE0E /* FollowService.swift */,
				B628BCD223BF00E300FDD87D /* LetterService.swift */,
			);
			path = Services;
			sourceTree = "<group>";
		};
		B67B380223BF6E25005F2C3C /* Splash */ = {
			isa = PBXGroup;
			children = (
				B67B380323BF6E37005F2C3C /* SplashViewController.swift */,
			);
			name = Splash;
			path = ../Splash;
			sourceTree = "<group>";
		};
		B67CBF9823B174B8001C78B2 /* HomeTab */ = {
			isa = PBXGroup;
			children = (
				B6D9C97323B12D7A00348A7B /* HomeViewController.swift */,
				B6D1F99D23B3E5F100C8BA31 /* BannerCell.swift */,
				B6D1F99F23B3E78D00C8BA31 /* Banner.swift */,
				B6AAF85D23B69CE4009571DE /* ProfileBannerCell.swift */,
				B6AAF86123B69FB2009571DE /* ProfileBanner.swift */,
			);
			path = HomeTab;
			sourceTree = "<group>";
		};
		B67CBF9923B174CD001C78B2 /* AnnouncementTab */ = {
			isa = PBXGroup;
			children = (
				B6D9C97523B12ED400348A7B /* AnnouncementViewController.swift */,
				B6D9C98723B1575500348A7B /* CalendarViewController.swift */,
				B6D1F99323B295F300C8BA31 /* AnnouncementCell.swift */,
				B66EBE1723B8A2AD009ACA31 /* DateTableViewCell.swift */,
				B6ABCEE823BEF8A7002F3056 /* SortSelectViewController.swift */,
			);
			path = AnnouncementTab;
			sourceTree = "<group>";
		};
		B67CBF9A23B174DC001C78B2 /* StoryTab */ = {
			isa = PBXGroup;
			children = (
				B6D9C97923B12F7200348A7B /* StoryViewController.swift */,
				B63DBAC823B275FE00EEE1C2 /* StoryCell.swift */,
				B6D1F99923B341BD00C8BA31 /* StoryDetailViewController.swift */,
				B6D1F99B23B355B100C8BA31 /* StoryTabViewController.swift */,
				B66EBE1523B82305009ACA31 /* CommentViewController.swift */,
				B66EBE1B23B8E85E009ACA31 /* CommentCell.swift */,
			);
			path = StoryTab;
			sourceTree = "<group>";
		};
		B67CBF9B23B174EB001C78B2 /* ProfileTab */ = {
			isa = PBXGroup;
			children = (
				B6D9C97723B12F2400348A7B /* ProfileViewController.swift */,
				7FF374B323B5EBEB004E4907 /* TimelineListViewController.swift */,
				7FF374B823B60926004E4907 /* TimelineStoryTableViewCell.swift */,
				7F0E5C8923B7A68500F12492 /* FollowerViewController.swift */,
				7FF374BA23B69E47004E4907 /* ProfileTableViewCell.swift */,
				7F0E5C8F23B7B98C00F12492 /* FollowTableViewCell.swift */,
				B66EBE1F23B90224009ACA31 /* CreateTimelineViewController.swift */,
				7F0E5CA223BA367F00F12492 /* WritingStoryViewController.swift */,
			);
			path = ProfileTab;
			sourceTree = "<group>";
		};
		B67CBF9C23B175B3001C78B2 /* Main */ = {
			isa = PBXGroup;
			children = (
				B6D9C97D23B1347600348A7B /* TabbarViewController.swift */,
			);
			path = Main;
			sourceTree = "<group>";
		};
		B69D184523BDD67C00E03A92 /* OnBoarding */ = {
			isa = PBXGroup;
			children = (
				B6ABCEE423BED0FB002F3056 /* OnBoardingBanner.swift */,
				B69D184623BDD69F00E03A92 /* OnBoardingViewController.swift */,
				B6ABCEE623BED4FB002F3056 /* OnBoardingBannerCell.swift */,
			);
			path = OnBoarding;
			sourceTree = "<group>";
		};
		B6C0540723B560B700D455E1 /* Signin */ = {
			isa = PBXGroup;
			children = (
				B6C0540823B560D900D455E1 /* SigninViewController.swift */,
				B6DFC56B23B607A9002EE94A /* Signin2ViewController.swift */,
			);
			path = Signin;
			sourceTree = "<group>";
		};
		B6D9C94523B1169100348A7B = {
			isa = PBXGroup;
			children = (
				B6D9C95023B1169100348A7B /* INTERNZ */,
				B6D9C94F23B1169100348A7B /* Products */,
				C3B15F560FC513C07941125C /* Pods */,
				E54FC07013E552F3C9EF08F8 /* Frameworks */,
			);
			sourceTree = "<group>";
		};
		B6D9C94F23B1169100348A7B /* Products */ = {
			isa = PBXGroup;
			children = (
				B6D9C94E23B1169100348A7B /* INTERNZ.app */,
			);
			name = Products;
			sourceTree = "<group>";
		};
		B6D9C95023B1169100348A7B /* INTERNZ */ = {
			isa = PBXGroup;
			children = (
				B6D9C96723B1189800348A7B /* Resources */,
				B6D9C96523B1186F00348A7B /* Sources */,
				B6D9C95123B1169100348A7B /* AppDelegate.swift */,
				B6D9C95323B1169100348A7B /* SceneDelegate.swift */,
				B6D9C95F23B1169200348A7B /* Info.plist */,
			);
			path = INTERNZ;
			sourceTree = "<group>";
		};
		B6D9C96523B1186F00348A7B /* Sources */ = {
			isa = PBXGroup;
			children = (
				B63DBACA23B2775C00EEE1C2 /* Models */,
				B6D9C97F23B13D1800348A7B /* Extensions */,
				B6D9C96623B1187900348A7B /* ViewControllers */,
			);
			path = Sources;
			sourceTree = "<group>";
		};
		B6D9C96623B1187900348A7B /* ViewControllers */ = {
			isa = PBXGroup;
			children = (
				B67B380223BF6E25005F2C3C /* Splash */,
				B69D184523BDD67C00E03A92 /* OnBoarding */,
				7F0E5C9323B80DD800F12492 /* Message */,
				B6DFC56F23B65101002EE94A /* FirstLogin */,
				B6C0540723B560B700D455E1 /* Signin */,
				7F37E0F923B33D7D00C80F1A /* Login */,
				B67CBF9C23B175B3001C78B2 /* Main */,
				B67CBF9A23B174DC001C78B2 /* StoryTab */,
				B67CBF9823B174B8001C78B2 /* HomeTab */,
				B67CBF9923B174CD001C78B2 /* AnnouncementTab */,
				B67CBF9B23B174EB001C78B2 /* ProfileTab */,
			);
			path = ViewControllers;
			sourceTree = "<group>";
		};
		B6D9C96723B1189800348A7B /* Resources */ = {
			isa = PBXGroup;
			children = (
				B6D9C98223B13DDA00348A7B /* APIServices */,
				B6D9C96823B118B300348A7B /* Storyboards */,
				B6D9C95A23B1169200348A7B /* Assets.xcassets */,
			);
			path = Resources;
			sourceTree = "<group>";
		};
		B6D9C96823B118B300348A7B /* Storyboards */ = {
			isa = PBXGroup;
			children = (
				B6D9C95C23B1169200348A7B /* LaunchScreen.storyboard */,
				B6D9C95723B1169100348A7B /* Main.storyboard */,
				B6D9C96923B1229B00348A7B /* Story.storyboard */,
				B6D9C96B23B122B400348A7B /* Profile.storyboard */,
				B6D9C96F23B122F400348A7B /* Announcement.storyboard */,
				B6D9C97123B124F100348A7B /* Home.storyboard */,
				7F37E0F723B33D6600C80F1A /* Login.storyboard */,
				B6C0540523B5606500D455E1 /* Signin.storyboard */,
				B6DFC56D23B650B0002EE94A /* FirstLogin.storyboard */,
				7F0E5C9123B80DB900F12492 /* Message.storyboard */,
				B69D184323BDD65000E03A92 /* OnBoarding.storyboard */,
				B67B380023BF6E01005F2C3C /* Splash.storyboard */,
			);
			path = Storyboards;
			sourceTree = "<group>";
		};
		B6D9C97F23B13D1800348A7B /* Extensions */ = {
			isa = PBXGroup;
			children = (
				B6D9C98023B13D7400348A7B /* UIColor+Extensions.swift */,
				B6AAF85723B668C3009571DE /* UIButton+Extensions.swift */,
				B6AAF86323B6A927009571DE /* UIView+Extensions.swift */,
				B68CF7DD23BE8D5E00D7DE0E /* UILabel+Extensions.swift */,
			);
			path = Extensions;
			sourceTree = "<group>";
		};
		B6D9C98223B13DDA00348A7B /* APIServices */ = {
			isa = PBXGroup;
			children = (
				B66EBE2823B9C24A009ACA31 /* Services */,
				B66EBE2523B9C22F009ACA31 /* Responses */,
			);
			path = APIServices;
			sourceTree = "<group>";
		};
		B6DFC56F23B65101002EE94A /* FirstLogin */ = {
			isa = PBXGroup;
			children = (
				B6DFC57023B65135002EE94A /* SettingFavorViewController.swift */,
				B6AAF85B23B670D2009571DE /* SettingProfileViewController.swift */,
			);
			path = FirstLogin;
			sourceTree = "<group>";
		};
		C3B15F560FC513C07941125C /* Pods */ = {
			isa = PBXGroup;
			children = (
				4DBB74BF62F1CEEB716663DF /* Pods-INTERNZ.debug.xcconfig */,
				781EC13AE66EF4087EF04F10 /* Pods-INTERNZ.release.xcconfig */,
			);
			path = Pods;
			sourceTree = "<group>";
		};
		E54FC07013E552F3C9EF08F8 /* Frameworks */ = {
			isa = PBXGroup;
			children = (
				A16EF8E341DAE52684405B6A /* Pods_INTERNZ.framework */,
			);
			name = Frameworks;
			sourceTree = "<group>";
		};
/* End PBXGroup section */

/* Begin PBXNativeTarget section */
		B6D9C94D23B1169100348A7B /* INTERNZ */ = {
			isa = PBXNativeTarget;
			buildConfigurationList = B6D9C96223B1169200348A7B /* Build configuration list for PBXNativeTarget "INTERNZ" */;
			buildPhases = (
				9670E4C549EF320DD37E1493 /* [CP] Check Pods Manifest.lock */,
				B6D9C94A23B1169100348A7B /* Sources */,
				B6D9C94B23B1169100348A7B /* Frameworks */,
				B6D9C94C23B1169100348A7B /* Resources */,
				4536B80B90D4274C1BC05CFC /* [CP] Embed Pods Frameworks */,
			);
			buildRules = (
			);
			dependencies = (
			);
			name = INTERNZ;
			productName = INTERNZ;
			productReference = B6D9C94E23B1169100348A7B /* INTERNZ.app */;
			productType = "com.apple.product-type.application";
		};
/* End PBXNativeTarget section */

/* Begin PBXProject section */
		B6D9C94623B1169100348A7B /* Project object */ = {
			isa = PBXProject;
			attributes = {
				LastSwiftUpdateCheck = 1130;
				LastUpgradeCheck = 1130;
				ORGANIZATIONNAME = "최은지";
				TargetAttributes = {
					B6D9C94D23B1169100348A7B = {
						CreatedOnToolsVersion = 11.3;
					};
				};
			};
			buildConfigurationList = B6D9C94923B1169100348A7B /* Build configuration list for PBXProject "INTERNZ" */;
			compatibilityVersion = "Xcode 9.3";
			developmentRegion = en;
			hasScannedForEncodings = 0;
			knownRegions = (
				en,
				Base,
			);
			mainGroup = B6D9C94523B1169100348A7B;
			productRefGroup = B6D9C94F23B1169100348A7B /* Products */;
			projectDirPath = "";
			projectRoot = "";
			targets = (
				B6D9C94D23B1169100348A7B /* INTERNZ */,
			);
		};
/* End PBXProject section */

/* Begin PBXResourcesBuildPhase section */
		B6D9C94C23B1169100348A7B /* Resources */ = {
			isa = PBXResourcesBuildPhase;
			buildActionMask = 2147483647;
			files = (
				7F37E0F823B33D6600C80F1A /* Login.storyboard in Resources */,
				B6DFC56E23B650B0002EE94A /* FirstLogin.storyboard in Resources */,
				B6D9C97223B124F100348A7B /* Home.storyboard in Resources */,
				B6D9C96A23B1229B00348A7B /* Story.storyboard in Resources */,
				B6D9C97023B122F400348A7B /* Announcement.storyboard in Resources */,
				B6D9C95E23B1169200348A7B /* LaunchScreen.storyboard in Resources */,
				7F0E5C9223B80DB900F12492 /* Message.storyboard in Resources */,
				B6D9C96C23B122B500348A7B /* Profile.storyboard in Resources */,
				B6C0540623B5606500D455E1 /* Signin.storyboard in Resources */,
				B6D9C95B23B1169200348A7B /* Assets.xcassets in Resources */,
				B6D9C95923B1169100348A7B /* Main.storyboard in Resources */,
				B69D184423BDD65000E03A92 /* OnBoarding.storyboard in Resources */,
				B67B380123BF6E01005F2C3C /* Splash.storyboard in Resources */,
			);
			runOnlyForDeploymentPostprocessing = 0;
		};
/* End PBXResourcesBuildPhase section */

/* Begin PBXShellScriptBuildPhase section */
		4536B80B90D4274C1BC05CFC /* [CP] Embed Pods Frameworks */ = {
			isa = PBXShellScriptBuildPhase;
			buildActionMask = 2147483647;
			files = (
			);
			inputFileListPaths = (
				"${PODS_ROOT}/Target Support Files/Pods-INTERNZ/Pods-INTERNZ-frameworks-${CONFIGURATION}-input-files.xcfilelist",
			);
			name = "[CP] Embed Pods Frameworks";
			outputFileListPaths = (
				"${PODS_ROOT}/Target Support Files/Pods-INTERNZ/Pods-INTERNZ-frameworks-${CONFIGURATION}-output-files.xcfilelist",
			);
			runOnlyForDeploymentPostprocessing = 0;
			shellPath = /bin/sh;
			shellScript = "\"${PODS_ROOT}/Target Support Files/Pods-INTERNZ/Pods-INTERNZ-frameworks.sh\"\n";
			showEnvVarsInLog = 0;
		};
		9670E4C549EF320DD37E1493 /* [CP] Check Pods Manifest.lock */ = {
			isa = PBXShellScriptBuildPhase;
			buildActionMask = 2147483647;
			files = (
			);
			inputFileListPaths = (
			);
			inputPaths = (
				"${PODS_PODFILE_DIR_PATH}/Podfile.lock",
				"${PODS_ROOT}/Manifest.lock",
			);
			name = "[CP] Check Pods Manifest.lock";
			outputFileListPaths = (
			);
			outputPaths = (
				"$(DERIVED_FILE_DIR)/Pods-INTERNZ-checkManifestLockResult.txt",
			);
			runOnlyForDeploymentPostprocessing = 0;
			shellPath = /bin/sh;
			shellScript = "diff \"${PODS_PODFILE_DIR_PATH}/Podfile.lock\" \"${PODS_ROOT}/Manifest.lock\" > /dev/null\nif [ $? != 0 ] ; then\n    # print error to STDERR\n    echo \"error: The sandbox is not in sync with the Podfile.lock. Run 'pod install' or update your CocoaPods installation.\" >&2\n    exit 1\nfi\n# This output is used by Xcode 'outputs' to avoid re-running this script phase.\necho \"SUCCESS\" > \"${SCRIPT_OUTPUT_FILE_0}\"\n";
			showEnvVarsInLog = 0;
		};
/* End PBXShellScriptBuildPhase section */

/* Begin PBXSourcesBuildPhase section */
		B6D9C94A23B1169100348A7B /* Sources */ = {
			isa = PBXSourcesBuildPhase;
			buildActionMask = 2147483647;
			files = (
				B66EBE1623B82305009ACA31 /* CommentViewController.swift in Sources */,
				B66EBE2C23BA47D7009ACA31 /* JobListService.swift in Sources */,
				B6D9C97E23B1347600348A7B /* TabbarViewController.swift in Sources */,
				B628BCD323BF00E300FDD87D /* LetterService.swift in Sources */,
				B6AAF86023B69DA3009571DE /* Profile.swift in Sources */,
				7FF374BB23B69E47004E4907 /* ProfileTableViewCell.swift in Sources */,
				B6D9C97823B12F2400348A7B /* ProfileViewController.swift in Sources */,
				7FF374BD23B69EC5004E4907 /* ProfileStory.swift in Sources */,
				7F0E5CA323BA367F00F12492 /* WritingStoryViewController.swift in Sources */,
				B6D9C98423B13E0600348A7B /* NetworkResult.swift in Sources */,
				B6D1F99623B297DB00C8BA31 /* Announcement.swift in Sources */,
				7F0E5C9923B811CC00F12492 /* MessageProfileTableViewCell.swift in Sources */,
				B6D9C98823B1575500348A7B /* CalendarViewController.swift in Sources */,
				B6D1F99E23B3E5F100C8BA31 /* BannerCell.swift in Sources */,
				B69D184723BDD69F00E03A92 /* OnBoardingViewController.swift in Sources */,
				B6D9C97623B12ED400348A7B /* AnnouncementViewController.swift in Sources */,
				7F0E5CA623BA734800F12492 /* StoryResponseString.swift in Sources */,
				7FF374B423B5EBEB004E4907 /* TimelineListViewController.swift in Sources */,
				B6D1F99C23B355B100C8BA31 /* StoryTabViewController.swift in Sources */,
				B6077ADA23BCA235006DF0E7 /* CalenderResponseString.swift in Sources */,
				B6D9C95223B1169100348A7B /* AppDelegate.swift in Sources */,
				B66EBE2723B9C243009ACA31 /* ResponseString.swift in Sources */,
				7F0E5C8E23B7B95200F12492 /* Follow.swift in Sources */,
				7F0E5C8A23B7A68500F12492 /* FollowerViewController.swift in Sources */,
				B6D9C95423B1169100348A7B /* SceneDelegate.swift in Sources */,
				B6ABCEE723BED4FB002F3056 /* OnBoardingBannerCell.swift in Sources */,
				B68CF7DE23BE8D5E00D7DE0E /* UILabel+Extensions.swift in Sources */,
				B66EBE2023B90224009ACA31 /* CreateTimelineViewController.swift in Sources */,
				B68CF7E023BE8F8D00D7DE0E /* StoryDetailResponseString.swift in Sources */,
				B66EBE1A23B8A478009ACA31 /* DateStruct.swift in Sources */,
				B67CBF9623B1740B001C78B2 /* APIConstants.swift in Sources */,
				B6D1F99423B295F300C8BA31 /* AnnouncementCell.swift in Sources */,
				B6D1F99A23B341BD00C8BA31 /* StoryDetailViewController.swift in Sources */,
				B68CF7E423BE9CFC00D7DE0E /* CommentService.swift in Sources */,
				B66EBE1823B8A2AD009ACA31 /* DateTableViewCell.swift in Sources */,
				B63DBACE23B2779A00EEE1C2 /* Story.swift in Sources */,
				B6AAF85823B668C3009571DE /* UIButton+Extensions.swift in Sources */,
				7F0E5C9723B80EB500F12492 /* MessageUser.swift in Sources */,
				B66EBE2423B9C203009ACA31 /* LoginService.swift in Sources */,
				B6077ADD23BCA312006DF0E7 /* CalenderService.swift in Sources */,
				B68CF7E623BEABDB00D7DE0E /* FollowResponseString.swift in Sources */,
				B6C0540923B560D900D455E1 /* SigninViewController.swift in Sources */,
				7F0E5C9523B80E1300F12492 /* MessageProfileViewController.swift in Sources */,
				7F0E5C9023B7B98C00F12492 /* FollowTableViewCell.swift in Sources */,
				B6D9C97A23B12F7200348A7B /* StoryViewController.swift in Sources */,
				7FE0B8E123BCE9EF008A52C7 /* SignupResponseString.swift in Sources */,
				B6077AD823BBA2AD006DF0E7 /* TimelineListService.swift in Sources */,
				7F0E5C9B23B82ECF00F12492 /* MessageListViewController.swift in Sources */,
				7F0E5C9F23B8A43600F12492 /* MessageList.swift in Sources */,
				7F37E0FB23B33D8F00C80F1A /* LoginViewController.swift in Sources */,
				B68CF7E823BEACA400D7DE0E /* FollowService.swift in Sources */,
				B66EBE1C23B8E85E009ACA31 /* CommentCell.swift in Sources */,
				B6AAF85C23B670D2009571DE /* SettingProfileViewController.swift in Sources */,
				B6DFC57123B65135002EE94A /* SettingFavorViewController.swift in Sources */,
				B67B380423BF6E37005F2C3C /* SplashViewController.swift in Sources */,
				7F0E5C9D23B82F2600F12492 /* MessageListTableViewCell.swift in Sources */,
				7FF374B723B608F3004E4907 /* TimelineStory.swift in Sources */,
				B6D9C97423B12D7A00348A7B /* HomeViewController.swift in Sources */,
				7FF374B923B60926004E4907 /* TimelineStoryTableViewCell.swift in Sources */,
				B66EBE2223B9C1F2009ACA31 /* SignupService.swift in Sources */,
				B6ABCEE923BEF8A7002F3056 /* SortSelectViewController.swift in Sources */,
				B6D1F9A023B3E78D00C8BA31 /* Banner.swift in Sources */,
				7F0E5CA123B9001900F12492 /* MessageSendViewController.swift in Sources */,
				B6AAF86423B6A927009571DE /* UIView+Extensions.swift in Sources */,
				B6AAF86223B69FB2009571DE /* ProfileBanner.swift in Sources */,
				B68CF7E223BE9A2C00D7DE0E /* CommentResponseString.swift in Sources */,
				7F0E5CA823BA736000F12492 /* StoryListService.swift in Sources */,
				B66EBE1E23B8E974009ACA31 /* Comment.swift in Sources */,
				B628BCD123BF007500FDD87D /* LetterResponseString.swift in Sources */,
				B6D9C98123B13D7400348A7B /* UIColor+Extensions.swift in Sources */,
				B6AAF85E23B69CE4009571DE /* ProfileBannerCell.swift in Sources */,
				B6ABCEE523BED0FB002F3056 /* OnBoardingBanner.swift in Sources */,
				B6DFC56C23B607A9002EE94A /* Signin2ViewController.swift in Sources */,
				B6077AD623BBA1D9006DF0E7 /* TimelineResponseString.swift in Sources */,
				B63DBAC923B275FE00EEE1C2 /* StoryCell.swift in Sources */,
				B68CF7EA23BEB24F00D7DE0E /* TimelineStoryResponseString.swift in Sources */,
				B66EBE2A23BA46EB009ACA31 /* jobResponseString.swift in Sources */,
			);
			runOnlyForDeploymentPostprocessing = 0;
		};
/* End PBXSourcesBuildPhase section */

/* Begin PBXVariantGroup section */
		B6D9C95723B1169100348A7B /* Main.storyboard */ = {
			isa = PBXVariantGroup;
			children = (
				B6D9C95823B1169100348A7B /* Base */,
			);
			name = Main.storyboard;
			sourceTree = "<group>";
		};
		B6D9C95C23B1169200348A7B /* LaunchScreen.storyboard */ = {
			isa = PBXVariantGroup;
			children = (
				B6D9C95D23B1169200348A7B /* Base */,
			);
			name = LaunchScreen.storyboard;
			sourceTree = "<group>";
		};
/* End PBXVariantGroup section */

/* Begin XCBuildConfiguration section */
		B6D9C96023B1169200348A7B /* Debug */ = {
			isa = XCBuildConfiguration;
			buildSettings = {
				ALWAYS_SEARCH_USER_PATHS = NO;
				CLANG_ANALYZER_NONNULL = YES;
				CLANG_ANALYZER_NUMBER_OBJECT_CONVERSION = YES_AGGRESSIVE;
				CLANG_CXX_LANGUAGE_STANDARD = "gnu++14";
				CLANG_CXX_LIBRARY = "libc++";
				CLANG_ENABLE_MODULES = YES;
				CLANG_ENABLE_OBJC_ARC = YES;
				CLANG_ENABLE_OBJC_WEAK = YES;
				CLANG_WARN_BLOCK_CAPTURE_AUTORELEASING = YES;
				CLANG_WARN_BOOL_CONVERSION = YES;
				CLANG_WARN_COMMA = YES;
				CLANG_WARN_CONSTANT_CONVERSION = YES;
				CLANG_WARN_DEPRECATED_OBJC_IMPLEMENTATIONS = YES;
				CLANG_WARN_DIRECT_OBJC_ISA_USAGE = YES_ERROR;
				CLANG_WARN_DOCUMENTATION_COMMENTS = YES;
				CLANG_WARN_EMPTY_BODY = YES;
				CLANG_WARN_ENUM_CONVERSION = YES;
				CLANG_WARN_INFINITE_RECURSION = YES;
				CLANG_WARN_INT_CONVERSION = YES;
				CLANG_WARN_NON_LITERAL_NULL_CONVERSION = YES;
				CLANG_WARN_OBJC_IMPLICIT_RETAIN_SELF = YES;
				CLANG_WARN_OBJC_LITERAL_CONVERSION = YES;
				CLANG_WARN_OBJC_ROOT_CLASS = YES_ERROR;
				CLANG_WARN_RANGE_LOOP_ANALYSIS = YES;
				CLANG_WARN_STRICT_PROTOTYPES = YES;
				CLANG_WARN_SUSPICIOUS_MOVE = YES;
				CLANG_WARN_UNGUARDED_AVAILABILITY = YES_AGGRESSIVE;
				CLANG_WARN_UNREACHABLE_CODE = YES;
				CLANG_WARN__DUPLICATE_METHOD_MATCH = YES;
				COPY_PHASE_STRIP = NO;
				DEBUG_INFORMATION_FORMAT = dwarf;
				ENABLE_STRICT_OBJC_MSGSEND = YES;
				ENABLE_TESTABILITY = YES;
				GCC_C_LANGUAGE_STANDARD = gnu11;
				GCC_DYNAMIC_NO_PIC = NO;
				GCC_NO_COMMON_BLOCKS = YES;
				GCC_OPTIMIZATION_LEVEL = 0;
				GCC_PREPROCESSOR_DEFINITIONS = (
					"DEBUG=1",
					"$(inherited)",
				);
				GCC_WARN_64_TO_32_BIT_CONVERSION = YES;
				GCC_WARN_ABOUT_RETURN_TYPE = YES_ERROR;
				GCC_WARN_UNDECLARED_SELECTOR = YES;
				GCC_WARN_UNINITIALIZED_AUTOS = YES_AGGRESSIVE;
				GCC_WARN_UNUSED_FUNCTION = YES;
				GCC_WARN_UNUSED_VARIABLE = YES;
				IPHONEOS_DEPLOYMENT_TARGET = 13.2;
				MTL_ENABLE_DEBUG_INFO = INCLUDE_SOURCE;
				MTL_FAST_MATH = YES;
				ONLY_ACTIVE_ARCH = YES;
				SDKROOT = iphoneos;
				SWIFT_ACTIVE_COMPILATION_CONDITIONS = DEBUG;
				SWIFT_OPTIMIZATION_LEVEL = "-Onone";
			};
			name = Debug;
		};
		B6D9C96123B1169200348A7B /* Release */ = {
			isa = XCBuildConfiguration;
			buildSettings = {
				ALWAYS_SEARCH_USER_PATHS = NO;
				CLANG_ANALYZER_NONNULL = YES;
				CLANG_ANALYZER_NUMBER_OBJECT_CONVERSION = YES_AGGRESSIVE;
				CLANG_CXX_LANGUAGE_STANDARD = "gnu++14";
				CLANG_CXX_LIBRARY = "libc++";
				CLANG_ENABLE_MODULES = YES;
				CLANG_ENABLE_OBJC_ARC = YES;
				CLANG_ENABLE_OBJC_WEAK = YES;
				CLANG_WARN_BLOCK_CAPTURE_AUTORELEASING = YES;
				CLANG_WARN_BOOL_CONVERSION = YES;
				CLANG_WARN_COMMA = YES;
				CLANG_WARN_CONSTANT_CONVERSION = YES;
				CLANG_WARN_DEPRECATED_OBJC_IMPLEMENTATIONS = YES;
				CLANG_WARN_DIRECT_OBJC_ISA_USAGE = YES_ERROR;
				CLANG_WARN_DOCUMENTATION_COMMENTS = YES;
				CLANG_WARN_EMPTY_BODY = YES;
				CLANG_WARN_ENUM_CONVERSION = YES;
				CLANG_WARN_INFINITE_RECURSION = YES;
				CLANG_WARN_INT_CONVERSION = YES;
				CLANG_WARN_NON_LITERAL_NULL_CONVERSION = YES;
				CLANG_WARN_OBJC_IMPLICIT_RETAIN_SELF = YES;
				CLANG_WARN_OBJC_LITERAL_CONVERSION = YES;
				CLANG_WARN_OBJC_ROOT_CLASS = YES_ERROR;
				CLANG_WARN_RANGE_LOOP_ANALYSIS = YES;
				CLANG_WARN_STRICT_PROTOTYPES = YES;
				CLANG_WARN_SUSPICIOUS_MOVE = YES;
				CLANG_WARN_UNGUARDED_AVAILABILITY = YES_AGGRESSIVE;
				CLANG_WARN_UNREACHABLE_CODE = YES;
				CLANG_WARN__DUPLICATE_METHOD_MATCH = YES;
				COPY_PHASE_STRIP = NO;
				DEBUG_INFORMATION_FORMAT = "dwarf-with-dsym";
				ENABLE_NS_ASSERTIONS = NO;
				ENABLE_STRICT_OBJC_MSGSEND = YES;
				GCC_C_LANGUAGE_STANDARD = gnu11;
				GCC_NO_COMMON_BLOCKS = YES;
				GCC_WARN_64_TO_32_BIT_CONVERSION = YES;
				GCC_WARN_ABOUT_RETURN_TYPE = YES_ERROR;
				GCC_WARN_UNDECLARED_SELECTOR = YES;
				GCC_WARN_UNINITIALIZED_AUTOS = YES_AGGRESSIVE;
				GCC_WARN_UNUSED_FUNCTION = YES;
				GCC_WARN_UNUSED_VARIABLE = YES;
				IPHONEOS_DEPLOYMENT_TARGET = 13.2;
				MTL_ENABLE_DEBUG_INFO = NO;
				MTL_FAST_MATH = YES;
				SDKROOT = iphoneos;
				SWIFT_COMPILATION_MODE = wholemodule;
				SWIFT_OPTIMIZATION_LEVEL = "-O";
				VALIDATE_PRODUCT = YES;
			};
			name = Release;
		};
		B6D9C96323B1169200348A7B /* Debug */ = {
			isa = XCBuildConfiguration;
			baseConfigurationReference = 4DBB74BF62F1CEEB716663DF /* Pods-INTERNZ.debug.xcconfig */;
			buildSettings = {
				ASSETCATALOG_COMPILER_APPICON_NAME = AppIcon;
				CODE_SIGN_STYLE = Automatic;
				DEVELOPMENT_TEAM = 78QKCLC82G;
				INFOPLIST_FILE = INTERNZ/Info.plist;
				LD_RUNPATH_SEARCH_PATHS = (
					"$(inherited)",
					"@executable_path/Frameworks",
				);
				PRODUCT_BUNDLE_IDENTIFIER = com.mj.INTERNZ;
				PRODUCT_NAME = "$(TARGET_NAME)";
				SWIFT_VERSION = 5.0;
				TARGETED_DEVICE_FAMILY = "1,2";
			};
			name = Debug;
		};
		B6D9C96423B1169200348A7B /* Release */ = {
			isa = XCBuildConfiguration;
			baseConfigurationReference = 781EC13AE66EF4087EF04F10 /* Pods-INTERNZ.release.xcconfig */;
			buildSettings = {
				ASSETCATALOG_COMPILER_APPICON_NAME = AppIcon;
				CODE_SIGN_STYLE = Automatic;
				DEVELOPMENT_TEAM = 78QKCLC82G;
				INFOPLIST_FILE = INTERNZ/Info.plist;
				LD_RUNPATH_SEARCH_PATHS = (
					"$(inherited)",
					"@executable_path/Frameworks",
				);
				PRODUCT_BUNDLE_IDENTIFIER = com.mj.INTERNZ;
				PRODUCT_NAME = "$(TARGET_NAME)";
				SWIFT_VERSION = 5.0;
				TARGETED_DEVICE_FAMILY = "1,2";
			};
			name = Release;
		};
/* End XCBuildConfiguration section */

/* Begin XCConfigurationList section */
		B6D9C94923B1169100348A7B /* Build configuration list for PBXProject "INTERNZ" */ = {
			isa = XCConfigurationList;
			buildConfigurations = (
				B6D9C96023B1169200348A7B /* Debug */,
				B6D9C96123B1169200348A7B /* Release */,
			);
			defaultConfigurationIsVisible = 0;
			defaultConfigurationName = Release;
		};
		B6D9C96223B1169200348A7B /* Build configuration list for PBXNativeTarget "INTERNZ" */ = {
			isa = XCConfigurationList;
			buildConfigurations = (
				B6D9C96323B1169200348A7B /* Debug */,
				B6D9C96423B1169200348A7B /* Release */,
			);
			defaultConfigurationIsVisible = 0;
			defaultConfigurationName = Release;
		};
/* End XCConfigurationList section */
	};
	rootObject = B6D9C94623B1169100348A7B /* Project object */;
}
