// !$*UTF8*$!
{
	archiveVersion = 1;
	classes = {
	};
	objectVersion = 51;
	objects = {

/* Begin PBXBuildFile section */
		B63DBAC923B275FE00EEE1C2 /* StoryCell.swift in Sources */ = {isa = PBXBuildFile; fileRef = B63DBAC823B275FE00EEE1C2 /* StoryCell.swift */; };
		B63DBACE23B2779A00EEE1C2 /* Story.swift in Sources */ = {isa = PBXBuildFile; fileRef = B63DBACD23B2779A00EEE1C2 /* Story.swift */; };
		B67CBF9623B1740B001C78B2 /* APIConstants.swift in Sources */ = {isa = PBXBuildFile; fileRef = B67CBF9523B1740B001C78B2 /* APIConstants.swift */; };
		B6D9C95223B1169100348A7B /* AppDelegate.swift in Sources */ = {isa = PBXBuildFile; fileRef = B6D9C95123B1169100348A7B /* AppDelegate.swift */; };
		B6D9C95423B1169100348A7B /* SceneDelegate.swift in Sources */ = {isa = PBXBuildFile; fileRef = B6D9C95323B1169100348A7B /* SceneDelegate.swift */; };
		B6D9C95923B1169100348A7B /* Main.storyboard in Resources */ = {isa = PBXBuildFile; fileRef = B6D9C95723B1169100348A7B /* Main.storyboard */; };
		B6D9C95B23B1169200348A7B /* Assets.xcassets in Resources */ = {isa = PBXBuildFile; fileRef = B6D9C95A23B1169200348A7B /* Assets.xcassets */; };
		B6D9C95E23B1169200348A7B /* LaunchScreen.storyboard in Resources */ = {isa = PBXBuildFile; fileRef = B6D9C95C23B1169200348A7B /* LaunchScreen.storyboard */; };
		B6D9C96A23B1229B00348A7B /* Story.storyboard in Resources */ = {isa = PBXBuildFile; fileRef = B6D9C96923B1229B00348A7B /* Story.storyboard */; };
		B6D9C96C23B122B500348A7B /* Profile.storyboard in Resources */ = {isa = PBXBuildFile; fileRef = B6D9C96B23B122B400348A7B /* Profile.storyboard */; };
		B6D9C97023B122F400348A7B /* Announcement.storyboard in Resources */ = {isa = PBXBuildFile; fileRef = B6D9C96F23B122F400348A7B /* Announcement.storyboard */; };
		B6D9C97223B124F100348A7B /* Home.storyboard in Resources */ = {isa = PBXBuildFile; fileRef = B6D9C97123B124F100348A7B /* Home.storyboard */; };
		B6D9C97423B12D7A00348A7B /* HomeViewController.swift in Sources */ = {isa = PBXBuildFile; fileRef = B6D9C97323B12D7A00348A7B /* HomeViewController.swift */; };
		B6D9C97623B12ED400348A7B /* AnnouncementViewController.swift in Sources */ = {isa = PBXBuildFile; fileRef = B6D9C97523B12ED400348A7B /* AnnouncementViewController.swift */; };
		B6D9C97823B12F2400348A7B /* ProfileViewController.swift in Sources */ = {isa = PBXBuildFile; fileRef = B6D9C97723B12F2400348A7B /* ProfileViewController.swift */; };
		B6D9C97A23B12F7200348A7B /* StoryViewController.swift in Sources */ = {isa = PBXBuildFile; fileRef = B6D9C97923B12F7200348A7B /* StoryViewController.swift */; };
		B6D9C97E23B1347600348A7B /* TabbarViewController.swift in Sources */ = {isa = PBXBuildFile; fileRef = B6D9C97D23B1347600348A7B /* TabbarViewController.swift */; };
		B6D9C98123B13D7400348A7B /* UIColor+Additions.swift in Sources */ = {isa = PBXBuildFile; fileRef = B6D9C98023B13D7400348A7B /* UIColor+Additions.swift */; };
		B6D9C98423B13E0600348A7B /* NeworkResult.swift in Sources */ = {isa = PBXBuildFile; fileRef = B6D9C98323B13E0600348A7B /* NeworkResult.swift */; };
		B6D9C98823B1575500348A7B /* CalendarViewController.swift in Sources */ = {isa = PBXBuildFile; fileRef = B6D9C98723B1575500348A7B /* CalendarViewController.swift */; };
		C3D769A1ED19F5BB94283452 /* Pods_INTERNZ.framework in Frameworks */ = {isa = PBXBuildFile; fileRef = A16EF8E341DAE52684405B6A /* Pods_INTERNZ.framework */; };
/* End PBXBuildFile section */

/* Begin PBXFileReference section */
		4DBB74BF62F1CEEB716663DF /* Pods-INTERNZ.debug.xcconfig */ = {isa = PBXFileReference; includeInIndex = 1; lastKnownFileType = text.xcconfig; name = "Pods-INTERNZ.debug.xcconfig"; path = "Target Support Files/Pods-INTERNZ/Pods-INTERNZ.debug.xcconfig"; sourceTree = "<group>"; };
		781EC13AE66EF4087EF04F10 /* Pods-INTERNZ.release.xcconfig */ = {isa = PBXFileReference; includeInIndex = 1; lastKnownFileType = text.xcconfig; name = "Pods-INTERNZ.release.xcconfig"; path = "Target Support Files/Pods-INTERNZ/Pods-INTERNZ.release.xcconfig"; sourceTree = "<group>"; };
		A16EF8E341DAE52684405B6A /* Pods_INTERNZ.framework */ = {isa = PBXFileReference; explicitFileType = wrapper.framework; includeInIndex = 0; path = Pods_INTERNZ.framework; sourceTree = BUILT_PRODUCTS_DIR; };
		B63DBAC823B275FE00EEE1C2 /* StoryCell.swift */ = {isa = PBXFileReference; lastKnownFileType = sourcecode.swift; path = StoryCell.swift; sourceTree = "<group>"; };
		B63DBACD23B2779A00EEE1C2 /* Story.swift */ = {isa = PBXFileReference; lastKnownFileType = sourcecode.swift; path = Story.swift; sourceTree = "<group>"; };
		B67CBF9523B1740B001C78B2 /* APIConstants.swift */ = {isa = PBXFileReference; lastKnownFileType = sourcecode.swift; path = APIConstants.swift; sourceTree = "<group>"; };
		B6D9C94E23B1169100348A7B /* INTERNZ.app */ = {isa = PBXFileReference; explicitFileType = wrapper.application; includeInIndex = 0; path = INTERNZ.app; sourceTree = BUILT_PRODUCTS_DIR; };
		B6D9C95123B1169100348A7B /* AppDelegate.swift */ = {isa = PBXFileReference; lastKnownFileType = sourcecode.swift; path = AppDelegate.swift; sourceTree = "<group>"; };
		B6D9C95323B1169100348A7B /* SceneDelegate.swift */ = {isa = PBXFileReference; lastKnownFileType = sourcecode.swift; path = SceneDelegate.swift; sourceTree = "<group>"; };
		B6D9C95823B1169100348A7B /* Base */ = {isa = PBXFileReference; lastKnownFileType = file.storyboard; name = Base; path = Base.lproj/Main.storyboard; sourceTree = "<group>"; };
		B6D9C95A23B1169200348A7B /* Assets.xcassets */ = {isa = PBXFileReference; lastKnownFileType = folder.assetcatalog; path = Assets.xcassets; sourceTree = "<group>"; };
		B6D9C95D23B1169200348A7B /* Base */ = {isa = PBXFileReference; lastKnownFileType = file.storyboard; name = Base; path = Base.lproj/LaunchScreen.storyboard; sourceTree = "<group>"; };
		B6D9C95F23B1169200348A7B /* Info.plist */ = {isa = PBXFileReference; lastKnownFileType = text.plist.xml; path = Info.plist; sourceTree = "<group>"; };
		B6D9C96923B1229B00348A7B /* Story.storyboard */ = {isa = PBXFileReference; lastKnownFileType = file.storyboard; path = Story.storyboard; sourceTree = "<group>"; };
		B6D9C96B23B122B400348A7B /* Profile.storyboard */ = {isa = PBXFileReference; lastKnownFileType = file.storyboard; path = Profile.storyboard; sourceTree = "<group>"; };
		B6D9C96F23B122F400348A7B /* Announcement.storyboard */ = {isa = PBXFileReference; lastKnownFileType = file.storyboard; path = Announcement.storyboard; sourceTree = "<group>"; };
		B6D9C97123B124F100348A7B /* Home.storyboard */ = {isa = PBXFileReference; lastKnownFileType = file.storyboard; path = Home.storyboard; sourceTree = "<group>"; };
		B6D9C97323B12D7A00348A7B /* HomeViewController.swift */ = {isa = PBXFileReference; lastKnownFileType = sourcecode.swift; path = HomeViewController.swift; sourceTree = "<group>"; };
		B6D9C97523B12ED400348A7B /* AnnouncementViewController.swift */ = {isa = PBXFileReference; lastKnownFileType = sourcecode.swift; path = AnnouncementViewController.swift; sourceTree = "<group>"; };
		B6D9C97723B12F2400348A7B /* ProfileViewController.swift */ = {isa = PBXFileReference; lastKnownFileType = sourcecode.swift; path = ProfileViewController.swift; sourceTree = "<group>"; };
		B6D9C97923B12F7200348A7B /* StoryViewController.swift */ = {isa = PBXFileReference; lastKnownFileType = sourcecode.swift; path = StoryViewController.swift; sourceTree = "<group>"; };
		B6D9C97D23B1347600348A7B /* TabbarViewController.swift */ = {isa = PBXFileReference; lastKnownFileType = sourcecode.swift; path = TabbarViewController.swift; sourceTree = "<group>"; };
		B6D9C98023B13D7400348A7B /* UIColor+Additions.swift */ = {isa = PBXFileReference; lastKnownFileType = sourcecode.swift; path = "UIColor+Additions.swift"; sourceTree = "<group>"; };
		B6D9C98323B13E0600348A7B /* NeworkResult.swift */ = {isa = PBXFileReference; lastKnownFileType = sourcecode.swift; path = NeworkResult.swift; sourceTree = "<group>"; };
		B6D9C98723B1575500348A7B /* CalendarViewController.swift */ = {isa = PBXFileReference; lastKnownFileType = sourcecode.swift; path = CalendarViewController.swift; sourceTree = "<group>"; };
/* End PBXFileReference section */

/* Begin PBXFrameworksBuildPhase section */
		B6D9C94B23B1169100348A7B /* Frameworks */ = {
			isa = PBXFrameworksBuildPhase;
			buildActionMask = 2147483647;
			files = (
				C3D769A1ED19F5BB94283452 /* Pods_INTERNZ.framework in Frameworks */,
			);
			runOnlyForDeploymentPostprocessing = 0;
		};
/* End PBXFrameworksBuildPhase section */

/* Begin PBXGroup section */
		B63DBACA23B2775C00EEE1C2 /* Models */ = {
			isa = PBXGroup;
			children = (
				B63DBACD23B2779A00EEE1C2 /* Story.swift */,
			);
			path = Models;
			sourceTree = "<group>";
		};
		B67CBF9823B174B8001C78B2 /* HomeTab */ = {
			isa = PBXGroup;
			children = (
				B6D9C97323B12D7A00348A7B /* HomeViewController.swift */,
			);
			path = HomeTab;
			sourceTree = "<group>";
		};
		B67CBF9923B174CD001C78B2 /* AnnouncementTab */ = {
			isa = PBXGroup;
			children = (
				B6D9C97523B12ED400348A7B /* AnnouncementViewController.swift */,
				B6D9C98723B1575500348A7B /* CalendarViewController.swift */,
			);
			path = AnnouncementTab;
			sourceTree = "<group>";
		};
		B67CBF9A23B174DC001C78B2 /* StoryTab */ = {
			isa = PBXGroup;
			children = (
				B6D9C97923B12F7200348A7B /* StoryViewController.swift */,
				B63DBAC823B275FE00EEE1C2 /* StoryCell.swift */,
			);
			path = StoryTab;
			sourceTree = "<group>";
		};
		B67CBF9B23B174EB001C78B2 /* ProfileTab */ = {
			isa = PBXGroup;
			children = (
				B6D9C97723B12F2400348A7B /* ProfileViewController.swift */,
			);
			path = ProfileTab;
			sourceTree = "<group>";
		};
		B67CBF9C23B175B3001C78B2 /* Main */ = {
			isa = PBXGroup;
			children = (
				B6D9C97D23B1347600348A7B /* TabbarViewController.swift */,
			);
			path = Main;
			sourceTree = "<group>";
		};
		B6D9C94523B1169100348A7B = {
			isa = PBXGroup;
			children = (
				B6D9C95023B1169100348A7B /* INTERNZ */,
				B6D9C94F23B1169100348A7B /* Products */,
				C3B15F560FC513C07941125C /* Pods */,
				E54FC07013E552F3C9EF08F8 /* Frameworks */,
			);
			sourceTree = "<group>";
		};
		B6D9C94F23B1169100348A7B /* Products */ = {
			isa = PBXGroup;
			children = (
				B6D9C94E23B1169100348A7B /* INTERNZ.app */,
			);
			name = Products;
			sourceTree = "<group>";
		};
		B6D9C95023B1169100348A7B /* INTERNZ */ = {
			isa = PBXGroup;
			children = (
				B6D9C96723B1189800348A7B /* Resources */,
				B6D9C96523B1186F00348A7B /* Sources */,
				B6D9C95123B1169100348A7B /* AppDelegate.swift */,
				B6D9C95323B1169100348A7B /* SceneDelegate.swift */,
				B6D9C95F23B1169200348A7B /* Info.plist */,
			);
			path = INTERNZ;
			sourceTree = "<group>";
		};
		B6D9C96523B1186F00348A7B /* Sources */ = {
			isa = PBXGroup;
			children = (
				B63DBACA23B2775C00EEE1C2 /* Models */,
				B6D9C97F23B13D1800348A7B /* Extensions */,
				B6D9C96623B1187900348A7B /* ViewControllers */,
			);
			path = Sources;
			sourceTree = "<group>";
		};
		B6D9C96623B1187900348A7B /* ViewControllers */ = {
			isa = PBXGroup;
			children = (
				B67CBF9C23B175B3001C78B2 /* Main */,
				B67CBF9A23B174DC001C78B2 /* StoryTab */,
				B67CBF9823B174B8001C78B2 /* HomeTab */,
				B67CBF9923B174CD001C78B2 /* AnnouncementTab */,
				B67CBF9B23B174EB001C78B2 /* ProfileTab */,
			);
			path = ViewControllers;
			sourceTree = "<group>";
		};
		B6D9C96723B1189800348A7B /* Resources */ = {
			isa = PBXGroup;
			children = (
				B6D9C98223B13DDA00348A7B /* APIServices */,
				B6D9C96823B118B300348A7B /* Storyboards */,
				B6D9C95A23B1169200348A7B /* Assets.xcassets */,
			);
			path = Resources;
			sourceTree = "<group>";
		};
		B6D9C96823B118B300348A7B /* Storyboards */ = {
			isa = PBXGroup;
			children = (
				B6D9C95C23B1169200348A7B /* LaunchScreen.storyboard */,
				B6D9C95723B1169100348A7B /* Main.storyboard */,
				B6D9C96923B1229B00348A7B /* Story.storyboard */,
				B6D9C96B23B122B400348A7B /* Profile.storyboard */,
				B6D9C96F23B122F400348A7B /* Announcement.storyboard */,
				B6D9C97123B124F100348A7B /* Home.storyboard */,
			);
			path = Storyboards;
			sourceTree = "<group>";
		};
		B6D9C97F23B13D1800348A7B /* Extensions */ = {
			isa = PBXGroup;
			children = (
				B6D9C98023B13D7400348A7B /* UIColor+Additions.swift */,
			);
			path = Extensions;
			sourceTree = "<group>";
		};
		B6D9C98223B13DDA00348A7B /* APIServices */ = {
			isa = PBXGroup;
			children = (
				B6D9C98323B13E0600348A7B /* NeworkResult.swift */,
				B67CBF9523B1740B001C78B2 /* APIConstants.swift */,
			);
			path = APIServices;
			sourceTree = "<group>";
		};
		C3B15F560FC513C07941125C /* Pods */ = {
			isa = PBXGroup;
			children = (
				4DBB74BF62F1CEEB716663DF /* Pods-INTERNZ.debug.xcconfig */,
				781EC13AE66EF4087EF04F10 /* Pods-INTERNZ.release.xcconfig */,
			);
			path = Pods;
			sourceTree = "<group>";
		};
		E54FC07013E552F3C9EF08F8 /* Frameworks */ = {
			isa = PBXGroup;
			children = (
				A16EF8E341DAE52684405B6A /* Pods_INTERNZ.framework */,
			);
			name = Frameworks;
			sourceTree = "<group>";
		};
/* End PBXGroup section */

/* Begin PBXNativeTarget section */
		B6D9C94D23B1169100348A7B /* INTERNZ */ = {
			isa = PBXNativeTarget;
			buildConfigurationList = B6D9C96223B1169200348A7B /* Build configuration list for PBXNativeTarget "INTERNZ" */;
			buildPhases = (
				9670E4C549EF320DD37E1493 /* [CP] Check Pods Manifest.lock */,
				B6D9C94A23B1169100348A7B /* Sources */,
				B6D9C94B23B1169100348A7B /* Frameworks */,
				B6D9C94C23B1169100348A7B /* Resources */,
				4536B80B90D4274C1BC05CFC /* [CP] Embed Pods Frameworks */,
			);
			buildRules = (
			);
			dependencies = (
			);
			name = INTERNZ;
			productName = INTERNZ;
			productReference = B6D9C94E23B1169100348A7B /* INTERNZ.app */;
			productType = "com.apple.product-type.application";
		};
/* End PBXNativeTarget section */

/* Begin PBXProject section */
		B6D9C94623B1169100348A7B /* Project object */ = {
			isa = PBXProject;
			attributes = {
				LastSwiftUpdateCheck = 1130;
				LastUpgradeCheck = 1130;
				ORGANIZATIONNAME = "최은지";
				TargetAttributes = {
					B6D9C94D23B1169100348A7B = {
						CreatedOnToolsVersion = 11.3;
					};
				};
			};
			buildConfigurationList = B6D9C94923B1169100348A7B /* Build configuration list for PBXProject "INTERNZ" */;
			compatibilityVersion = "Xcode 9.3";
			developmentRegion = en;
			hasScannedForEncodings = 0;
			knownRegions = (
				en,
				Base,
			);
			mainGroup = B6D9C94523B1169100348A7B;
			productRefGroup = B6D9C94F23B1169100348A7B /* Products */;
			projectDirPath = "";
			projectRoot = "";
			targets = (
				B6D9C94D23B1169100348A7B /* INTERNZ */,
			);
		};
/* End PBXProject section */

/* Begin PBXResourcesBuildPhase section */
		B6D9C94C23B1169100348A7B /* Resources */ = {
			isa = PBXResourcesBuildPhase;
			buildActionMask = 2147483647;
			files = (
				B6D9C97223B124F100348A7B /* Home.storyboard in Resources */,
				B6D9C96A23B1229B00348A7B /* Story.storyboard in Resources */,
				B6D9C97023B122F400348A7B /* Announcement.storyboard in Resources */,
				B6D9C95E23B1169200348A7B /* LaunchScreen.storyboard in Resources */,
				B6D9C96C23B122B500348A7B /* Profile.storyboard in Resources */,
				B6D9C95B23B1169200348A7B /* Assets.xcassets in Resources */,
				B6D9C95923B1169100348A7B /* Main.storyboard in Resources */,
			);
			runOnlyForDeploymentPostprocessing = 0;
		};
/* End PBXResourcesBuildPhase section */

/* Begin PBXShellScriptBuildPhase section */
		4536B80B90D4274C1BC05CFC /* [CP] Embed Pods Frameworks */ = {
			isa = PBXShellScriptBuildPhase;
			buildActionMask = 2147483647;
			files = (
			);
			inputFileListPaths = (
				"${PODS_ROOT}/Target Support Files/Pods-INTERNZ/Pods-INTERNZ-frameworks-${CONFIGURATION}-input-files.xcfilelist",
			);
			name = "[CP] Embed Pods Frameworks";
			outputFileListPaths = (
				"${PODS_ROOT}/Target Support Files/Pods-INTERNZ/Pods-INTERNZ-frameworks-${CONFIGURATION}-output-files.xcfilelist",
			);
			runOnlyForDeploymentPostprocessing = 0;
			shellPath = /bin/sh;
			shellScript = "\"${PODS_ROOT}/Target Support Files/Pods-INTERNZ/Pods-INTERNZ-frameworks.sh\"\n";
			showEnvVarsInLog = 0;
		};
		9670E4C549EF320DD37E1493 /* [CP] Check Pods Manifest.lock */ = {
			isa = PBXShellScriptBuildPhase;
			buildActionMask = 2147483647;
			files = (
			);
			inputFileListPaths = (
			);
			inputPaths = (
				"${PODS_PODFILE_DIR_PATH}/Podfile.lock",
				"${PODS_ROOT}/Manifest.lock",
			);
			name = "[CP] Check Pods Manifest.lock";
			outputFileListPaths = (
			);
			outputPaths = (
				"$(DERIVED_FILE_DIR)/Pods-INTERNZ-checkManifestLockResult.txt",
			);
			runOnlyForDeploymentPostprocessing = 0;
			shellPath = /bin/sh;
			shellScript = "diff \"${PODS_PODFILE_DIR_PATH}/Podfile.lock\" \"${PODS_ROOT}/Manifest.lock\" > /dev/null\nif [ $? != 0 ] ; then\n    # print error to STDERR\n    echo \"error: The sandbox is not in sync with the Podfile.lock. Run 'pod install' or update your CocoaPods installation.\" >&2\n    exit 1\nfi\n# This output is used by Xcode 'outputs' to avoid re-running this script phase.\necho \"SUCCESS\" > \"${SCRIPT_OUTPUT_FILE_0}\"\n";
			showEnvVarsInLog = 0;
		};
/* End PBXShellScriptBuildPhase section */

/* Begin PBXSourcesBuildPhase section */
		B6D9C94A23B1169100348A7B /* Sources */ = {
			isa = PBXSourcesBuildPhase;
			buildActionMask = 2147483647;
			files = (
				B6D9C97E23B1347600348A7B /* TabbarViewController.swift in Sources */,
				B6D9C97823B12F2400348A7B /* ProfileViewController.swift in Sources */,
				B6D9C98423B13E0600348A7B /* NeworkResult.swift in Sources */,
				B6D9C98823B1575500348A7B /* CalendarViewController.swift in Sources */,
				B6D9C97623B12ED400348A7B /* AnnouncementViewController.swift in Sources */,
				B6D9C95223B1169100348A7B /* AppDelegate.swift in Sources */,
				B6D9C95423B1169100348A7B /* SceneDelegate.swift in Sources */,
				B67CBF9623B1740B001C78B2 /* APIConstants.swift in Sources */,
				B63DBACE23B2779A00EEE1C2 /* Story.swift in Sources */,
				B6D9C97A23B12F7200348A7B /* StoryViewController.swift in Sources */,
				B6D9C97423B12D7A00348A7B /* HomeViewController.swift in Sources */,
				B6D9C98123B13D7400348A7B /* UIColor+Additions.swift in Sources */,
				B63DBAC923B275FE00EEE1C2 /* StoryCell.swift in Sources */,
			);
			runOnlyForDeploymentPostprocessing = 0;
		};
/* End PBXSourcesBuildPhase section */

/* Begin PBXVariantGroup section */
		B6D9C95723B1169100348A7B /* Main.storyboard */ = {
			isa = PBXVariantGroup;
			children = (
				B6D9C95823B1169100348A7B /* Base */,
			);
			name = Main.storyboard;
			sourceTree = "<group>";
		};
		B6D9C95C23B1169200348A7B /* LaunchScreen.storyboard */ = {
			isa = PBXVariantGroup;
			children = (
				B6D9C95D23B1169200348A7B /* Base */,
			);
			name = LaunchScreen.storyboard;
			sourceTree = "<group>";
		};
/* End PBXVariantGroup section */

/* Begin XCBuildConfiguration section */
		B6D9C96023B1169200348A7B /* Debug */ = {
			isa = XCBuildConfiguration;
			buildSettings = {
				ALWAYS_SEARCH_USER_PATHS = NO;
				CLANG_ANALYZER_NONNULL = YES;
				CLANG_ANALYZER_NUMBER_OBJECT_CONVERSION = YES_AGGRESSIVE;
				CLANG_CXX_LANGUAGE_STANDARD = "gnu++14";
				CLANG_CXX_LIBRARY = "libc++";
				CLANG_ENABLE_MODULES = YES;
				CLANG_ENABLE_OBJC_ARC = YES;
				CLANG_ENABLE_OBJC_WEAK = YES;
				CLANG_WARN_BLOCK_CAPTURE_AUTORELEASING = YES;
				CLANG_WARN_BOOL_CONVERSION = YES;
				CLANG_WARN_COMMA = YES;
				CLANG_WARN_CONSTANT_CONVERSION = YES;
				CLANG_WARN_DEPRECATED_OBJC_IMPLEMENTATIONS = YES;
				CLANG_WARN_DIRECT_OBJC_ISA_USAGE = YES_ERROR;
				CLANG_WARN_DOCUMENTATION_COMMENTS = YES;
				CLANG_WARN_EMPTY_BODY = YES;
				CLANG_WARN_ENUM_CONVERSION = YES;
				CLANG_WARN_INFINITE_RECURSION = YES;
				CLANG_WARN_INT_CONVERSION = YES;
				CLANG_WARN_NON_LITERAL_NULL_CONVERSION = YES;
				CLANG_WARN_OBJC_IMPLICIT_RETAIN_SELF = YES;
				CLANG_WARN_OBJC_LITERAL_CONVERSION = YES;
				CLANG_WARN_OBJC_ROOT_CLASS = YES_ERROR;
				CLANG_WARN_RANGE_LOOP_ANALYSIS = YES;
				CLANG_WARN_STRICT_PROTOTYPES = YES;
				CLANG_WARN_SUSPICIOUS_MOVE = YES;
				CLANG_WARN_UNGUARDED_AVAILABILITY = YES_AGGRESSIVE;
				CLANG_WARN_UNREACHABLE_CODE = YES;
				CLANG_WARN__DUPLICATE_METHOD_MATCH = YES;
				COPY_PHASE_STRIP = NO;
				DEBUG_INFORMATION_FORMAT = dwarf;
				ENABLE_STRICT_OBJC_MSGSEND = YES;
				ENABLE_TESTABILITY = YES;
				GCC_C_LANGUAGE_STANDARD = gnu11;
				GCC_DYNAMIC_NO_PIC = NO;
				GCC_NO_COMMON_BLOCKS = YES;
				GCC_OPTIMIZATION_LEVEL = 0;
				GCC_PREPROCESSOR_DEFINITIONS = (
					"DEBUG=1",
					"$(inherited)",
				);
				GCC_WARN_64_TO_32_BIT_CONVERSION = YES;
				GCC_WARN_ABOUT_RETURN_TYPE = YES_ERROR;
				GCC_WARN_UNDECLARED_SELECTOR = YES;
				GCC_WARN_UNINITIALIZED_AUTOS = YES_AGGRESSIVE;
				GCC_WARN_UNUSED_FUNCTION = YES;
				GCC_WARN_UNUSED_VARIABLE = YES;
				IPHONEOS_DEPLOYMENT_TARGET = 13.2;
				MTL_ENABLE_DEBUG_INFO = INCLUDE_SOURCE;
				MTL_FAST_MATH = YES;
				ONLY_ACTIVE_ARCH = YES;
				SDKROOT = iphoneos;
				SWIFT_ACTIVE_COMPILATION_CONDITIONS = DEBUG;
				SWIFT_OPTIMIZATION_LEVEL = "-Onone";
			};
			name = Debug;
		};
		B6D9C96123B1169200348A7B /* Release */ = {
			isa = XCBuildConfiguration;
			buildSettings = {
				ALWAYS_SEARCH_USER_PATHS = NO;
				CLANG_ANALYZER_NONNULL = YES;
				CLANG_ANALYZER_NUMBER_OBJECT_CONVERSION = YES_AGGRESSIVE;
				CLANG_CXX_LANGUAGE_STANDARD = "gnu++14";
				CLANG_CXX_LIBRARY = "libc++";
				CLANG_ENABLE_MODULES = YES;
				CLANG_ENABLE_OBJC_ARC = YES;
				CLANG_ENABLE_OBJC_WEAK = YES;
				CLANG_WARN_BLOCK_CAPTURE_AUTORELEASING = YES;
				CLANG_WARN_BOOL_CONVERSION = YES;
				CLANG_WARN_COMMA = YES;
				CLANG_WARN_CONSTANT_CONVERSION = YES;
				CLANG_WARN_DEPRECATED_OBJC_IMPLEMENTATIONS = YES;
				CLANG_WARN_DIRECT_OBJC_ISA_USAGE = YES_ERROR;
				CLANG_WARN_DOCUMENTATION_COMMENTS = YES;
				CLANG_WARN_EMPTY_BODY = YES;
				CLANG_WARN_ENUM_CONVERSION = YES;
				CLANG_WARN_INFINITE_RECURSION = YES;
				CLANG_WARN_INT_CONVERSION = YES;
				CLANG_WARN_NON_LITERAL_NULL_CONVERSION = YES;
				CLANG_WARN_OBJC_IMPLICIT_RETAIN_SELF = YES;
				CLANG_WARN_OBJC_LITERAL_CONVERSION = YES;
				CLANG_WARN_OBJC_ROOT_CLASS = YES_ERROR;
				CLANG_WARN_RANGE_LOOP_ANALYSIS = YES;
				CLANG_WARN_STRICT_PROTOTYPES = YES;
				CLANG_WARN_SUSPICIOUS_MOVE = YES;
				CLANG_WARN_UNGUARDED_AVAILABILITY = YES_AGGRESSIVE;
				CLANG_WARN_UNREACHABLE_CODE = YES;
				CLANG_WARN__DUPLICATE_METHOD_MATCH = YES;
				COPY_PHASE_STRIP = NO;
				DEBUG_INFORMATION_FORMAT = "dwarf-with-dsym";
				ENABLE_NS_ASSERTIONS = NO;
				ENABLE_STRICT_OBJC_MSGSEND = YES;
				GCC_C_LANGUAGE_STANDARD = gnu11;
				GCC_NO_COMMON_BLOCKS = YES;
				GCC_WARN_64_TO_32_BIT_CONVERSION = YES;
				GCC_WARN_ABOUT_RETURN_TYPE = YES_ERROR;
				GCC_WARN_UNDECLARED_SELECTOR = YES;
				GCC_WARN_UNINITIALIZED_AUTOS = YES_AGGRESSIVE;
				GCC_WARN_UNUSED_FUNCTION = YES;
				GCC_WARN_UNUSED_VARIABLE = YES;
				IPHONEOS_DEPLOYMENT_TARGET = 13.2;
				MTL_ENABLE_DEBUG_INFO = NO;
				MTL_FAST_MATH = YES;
				SDKROOT = iphoneos;
				SWIFT_COMPILATION_MODE = wholemodule;
				SWIFT_OPTIMIZATION_LEVEL = "-O";
				VALIDATE_PRODUCT = YES;
			};
			name = Release;
		};
		B6D9C96323B1169200348A7B /* Debug */ = {
			isa = XCBuildConfiguration;
			baseConfigurationReference = 4DBB74BF62F1CEEB716663DF /* Pods-INTERNZ.debug.xcconfig */;
			buildSettings = {
				ASSETCATALOG_COMPILER_APPICON_NAME = AppIcon;
				CODE_SIGN_STYLE = Automatic;
				INFOPLIST_FILE = INTERNZ/Info.plist;
				LD_RUNPATH_SEARCH_PATHS = (
					"$(inherited)",
					"@executable_path/Frameworks",
				);
				PRODUCT_BUNDLE_IDENTIFIER = com.mj.INTERNZ;
				PRODUCT_NAME = "$(TARGET_NAME)";
				SWIFT_VERSION = 5.0;
				TARGETED_DEVICE_FAMILY = "1,2";
			};
			name = Debug;
		};
		B6D9C96423B1169200348A7B /* Release */ = {
			isa = XCBuildConfiguration;
			baseConfigurationReference = 781EC13AE66EF4087EF04F10 /* Pods-INTERNZ.release.xcconfig */;
			buildSettings = {
				ASSETCATALOG_COMPILER_APPICON_NAME = AppIcon;
				CODE_SIGN_STYLE = Automatic;
				INFOPLIST_FILE = INTERNZ/Info.plist;
				LD_RUNPATH_SEARCH_PATHS = (
					"$(inherited)",
					"@executable_path/Frameworks",
				);
				PRODUCT_BUNDLE_IDENTIFIER = com.mj.INTERNZ;
				PRODUCT_NAME = "$(TARGET_NAME)";
				SWIFT_VERSION = 5.0;
				TARGETED_DEVICE_FAMILY = "1,2";
			};
			name = Release;
		};
/* End XCBuildConfiguration section */

/* Begin XCConfigurationList section */
		B6D9C94923B1169100348A7B /* Build configuration list for PBXProject "INTERNZ" */ = {
			isa = XCConfigurationList;
			buildConfigurations = (
				B6D9C96023B1169200348A7B /* Debug */,
				B6D9C96123B1169200348A7B /* Release */,
			);
			defaultConfigurationIsVisible = 0;
			defaultConfigurationName = Release;
		};
		B6D9C96223B1169200348A7B /* Build configuration list for PBXNativeTarget "INTERNZ" */ = {
			isa = XCConfigurationList;
			buildConfigurations = (
				B6D9C96323B1169200348A7B /* Debug */,
				B6D9C96423B1169200348A7B /* Release */,
			);
			defaultConfigurationIsVisible = 0;
			defaultConfigurationName = Release;
		};
/* End XCConfigurationList section */
	};
	rootObject = B6D9C94623B1169100348A7B /* Project object */;
}
