PODS:
  - Alamofire (4.8.2)
  - Kingfisher (4.10.1)

DEPENDENCIES:
  - Alamofire (~> 4.8.2)
  - Kingfisher (~> 4.10.1)

SPEC REPOS:
  trunk:
    - Alamofire
    - Kingfisher

SPEC CHECKSUMS:
  Alamofire: ae5c501addb7afdbb13687d7f2f722c78734c2d3
  Kingfisher: c148cd7b47ebde9989f6bc7c27dcaa79d81279a0

PODFILE CHECKSUM: d57082fd5c6b3a6e43c5f3524d5feddd0a5093a3

COCOAPODS: 1.8.4
